// !$*UTF8*$!
{
	archiveVersion = 1;
	classes = {
	};
	objectVersion = 46;
	objects = {

/* Begin PBXBuildFile section */
		9113AB4E1F67CA1300E96E29 /* Localizable.strings in Resources */ = {isa = PBXBuildFile; fileRef = 9113AB501F67CA1300E96E29 /* Localizable.strings */; };
		FF7709F11F5FE0C400979C11 /* main.m in Sources */ = {isa = PBXBuildFile; fileRef = FF7709F01F5FE0C400979C11 /* main.m */; };
		FF7709F41F5FE0C400979C11 /* AppDelegate.m in Sources */ = {isa = PBXBuildFile; fileRef = FF7709F31F5FE0C400979C11 /* AppDelegate.m */; };
		FF7709F71F5FE0C400979C11 /* ViewController.m in Sources */ = {isa = PBXBuildFile; fileRef = FF7709F61F5FE0C400979C11 /* ViewController.m */; };
		FF7709FA1F5FE0C400979C11 /* Main.storyboard in Resources */ = {isa = PBXBuildFile; fileRef = FF7709F81F5FE0C400979C11 /* Main.storyboard */; };
		FF7709FC1F5FE0C400979C11 /* Assets.xcassets in Resources */ = {isa = PBXBuildFile; fileRef = FF7709FB1F5FE0C400979C11 /* Assets.xcassets */; };
		FF7709FF1F5FE0C400979C11 /* LaunchScreen.storyboard in Resources */ = {isa = PBXBuildFile; fileRef = FF7709FD1F5FE0C400979C11 /* LaunchScreen.storyboard */; };
		FF770A0A1F5FE0C500979C11 /* traning2_1_8Tests.m in Sources */ = {isa = PBXBuildFile; fileRef = FF770A091F5FE0C500979C11 /* traning2_1_8Tests.m */; };
		FF770A151F5FE0C500979C11 /* traning2_1_8UITests.m in Sources */ = {isa = PBXBuildFile; fileRef = FF770A141F5FE0C500979C11 /* traning2_1_8UITests.m */; };
/* End PBXBuildFile section */

/* Begin PBXContainerItemProxy section */
		FF770A061F5FE0C400979C11 /* PBXContainerItemProxy */ = {
			isa = PBXContainerItemProxy;
			containerPortal = FF7709E41F5FE0C300979C11 /* Project object */;
			proxyType = 1;
			remoteGlobalIDString = FF7709EB1F5FE0C300979C11;
			remoteInfo = "traning2-1-8";
		};
		FF770A111F5FE0C500979C11 /* PBXContainerItemProxy */ = {
			isa = PBXContainerItemProxy;
			containerPortal = FF7709E41F5FE0C300979C11 /* Project object */;
			proxyType = 1;
			remoteGlobalIDString = FF7709EB1F5FE0C300979C11;
			remoteInfo = "traning2-1-8";
		};
/* End PBXContainerItemProxy section */

/* Begin PBXFileReference section */
		9113AB4C1F67CA0900E96E29 /* ja */ = {isa = PBXFileReference; lastKnownFileType = text.plist.strings; name = ja; path = ja.lproj/Main.strings; sourceTree = "<group>"; };
		9113AB4D1F67CA0A00E96E29 /* ja */ = {isa = PBXFileReference; lastKnownFileType = text.plist.strings; name = ja; path = ja.lproj/LaunchScreen.strings; sourceTree = "<group>"; };
		9113AB4F1F67CA1300E96E29 /* ja */ = {isa = PBXFileReference; lastKnownFileType = text.plist.strings; name = ja; path = ja.lproj/Localizable.strings; sourceTree = "<group>"; };
		FF7709EC1F5FE0C300979C11 /* traning2-1-8.app */ = {isa = PBXFileReference; explicitFileType = wrapper.application; includeInIndex = 0; path = "traning2-1-8.app"; sourceTree = BUILT_PRODUCTS_DIR; };
		FF7709F01F5FE0C400979C11 /* main.m */ = {isa = PBXFileReference; lastKnownFileType = sourcecode.c.objc; path = main.m; sourceTree = "<group>"; };
		FF7709F21F5FE0C400979C11 /* AppDelegate.h */ = {isa = PBXFileReference; lastKnownFileType = sourcecode.c.h; path = AppDelegate.h; sourceTree = "<group>"; };
		FF7709F31F5FE0C400979C11 /* AppDelegate.m */ = {isa = PBXFileReference; lastKnownFileType = sourcecode.c.objc; path = AppDelegate.m; sourceTree = "<group>"; };
		FF7709F51F5FE0C400979C11 /* ViewController.h */ = {isa = PBXFileReference; lastKnownFileType = sourcecode.c.h; path = ViewController.h; sourceTree = "<group>"; };
		FF7709F61F5FE0C400979C11 /* ViewController.m */ = {isa = PBXFileReference; lastKnownFileType = sourcecode.c.objc; path = ViewController.m; sourceTree = "<group>"; };
		FF7709F91F5FE0C400979C11 /* Base */ = {isa = PBXFileReference; lastKnownFileType = file.storyboard; name = Base; path = Base.lproj/Main.storyboard; sourceTree = "<group>"; };
		FF7709FB1F5FE0C400979C11 /* Assets.xcassets */ = {isa = PBXFileReference; lastKnownFileType = folder.assetcatalog; path = Assets.xcassets; sourceTree = "<group>"; };
		FF7709FE1F5FE0C400979C11 /* Base */ = {isa = PBXFileReference; lastKnownFileType = file.storyboard; name = Base; path = Base.lproj/LaunchScreen.storyboard; sourceTree = "<group>"; };
		FF770A001F5FE0C400979C11 /* Info.plist */ = {isa = PBXFileReference; lastKnownFileType = text.plist.xml; path = Info.plist; sourceTree = "<group>"; };
		FF770A051F5FE0C400979C11 /* traning2-1-8Tests.xctest */ = {isa = PBXFileReference; explicitFileType = wrapper.cfbundle; includeInIndex = 0; path = "traning2-1-8Tests.xctest"; sourceTree = BUILT_PRODUCTS_DIR; };
		FF770A091F5FE0C500979C11 /* traning2_1_8Tests.m */ = {isa = PBXFileReference; lastKnownFileType = sourcecode.c.objc; path = traning2_1_8Tests.m; sourceTree = "<group>"; };
		FF770A0B1F5FE0C500979C11 /* Info.plist */ = {isa = PBXFileReference; lastKnownFileType = text.plist.xml; path = Info.plist; sourceTree = "<group>"; };
		FF770A101F5FE0C500979C11 /* traning2-1-8UITests.xctest */ = {isa = PBXFileReference; explicitFileType = wrapper.cfbundle; includeInIndex = 0; path = "traning2-1-8UITests.xctest"; sourceTree = BUILT_PRODUCTS_DIR; };
		FF770A141F5FE0C500979C11 /* traning2_1_8UITests.m */ = {isa = PBXFileReference; lastKnownFileType = sourcecode.c.objc; path = traning2_1_8UITests.m; sourceTree = "<group>"; };
		FF770A161F5FE0C500979C11 /* Info.plist */ = {isa = PBXFileReference; lastKnownFileType = text.plist.xml; path = Info.plist; sourceTree = "<group>"; };
/* End PBXFileReference section */

/* Begin PBXFrameworksBuildPhase section */
		FF7709E91F5FE0C300979C11 /* Frameworks */ = {
			isa = PBXFrameworksBuildPhase;
			buildActionMask = 2147483647;
			files = (
			);
			runOnlyForDeploymentPostprocessing = 0;
		};
		FF770A021F5FE0C400979C11 /* Frameworks */ = {
			isa = PBXFrameworksBuildPhase;
			buildActionMask = 2147483647;
			files = (
			);
			runOnlyForDeploymentPostprocessing = 0;
		};
		FF770A0D1F5FE0C500979C11 /* Frameworks */ = {
			isa = PBXFrameworksBuildPhase;
			buildActionMask = 2147483647;
			files = (
			);
			runOnlyForDeploymentPostprocessing = 0;
		};
/* End PBXFrameworksBuildPhase section */

/* Begin PBXGroup section */
		FF7709E31F5FE0C300979C11 = {
			isa = PBXGroup;
			children = (
				9113AB501F67CA1300E96E29 /* Localizable.strings */,
				FF7709EE1F5FE0C300979C11 /* traning2-1-8 */,
				FF770A081F5FE0C400979C11 /* traning2-1-8Tests */,
				FF770A131F5FE0C500979C11 /* traning2-1-8UITests */,
				FF7709ED1F5FE0C300979C11 /* Products */,
			);
			sourceTree = "<group>";
		};
		FF7709ED1F5FE0C300979C11 /* Products */ = {
			isa = PBXGroup;
			children = (
				FF7709EC1F5FE0C300979C11 /* traning2-1-8.app */,
				FF770A051F5FE0C400979C11 /* traning2-1-8Tests.xctest */,
				FF770A101F5FE0C500979C11 /* traning2-1-8UITests.xctest */,
			);
			name = Products;
			sourceTree = "<group>";
		};
		FF7709EE1F5FE0C300979C11 /* traning2-1-8 */ = {
			isa = PBXGroup;
			children = (
				FF7709F21F5FE0C400979C11 /* AppDelegate.h */,
				FF7709F31F5FE0C400979C11 /* AppDelegate.m */,
				FF7709F51F5FE0C400979C11 /* ViewController.h */,
				FF7709F61F5FE0C400979C11 /* ViewController.m */,
				FF7709F81F5FE0C400979C11 /* Main.storyboard */,
				FF7709FB1F5FE0C400979C11 /* Assets.xcassets */,
				FF7709FD1F5FE0C400979C11 /* LaunchScreen.storyboard */,
				FF770A001F5FE0C400979C11 /* Info.plist */,
				FF7709EF1F5FE0C400979C11 /* Supporting Files */,
			);
			path = "traning2-1-8";
			sourceTree = "<group>";
		};
		FF7709EF1F5FE0C400979C11 /* Supporting Files */ = {
			isa = PBXGroup;
			children = (
				FF7709F01F5FE0C400979C11 /* main.m */,
			);
			name = "Supporting Files";
			sourceTree = "<group>";
		};
		FF770A081F5FE0C400979C11 /* traning2-1-8Tests */ = {
			isa = PBXGroup;
			children = (
				FF770A091F5FE0C500979C11 /* traning2_1_8Tests.m */,
				FF770A0B1F5FE0C500979C11 /* Info.plist */,
			);
			path = "traning2-1-8Tests";
			sourceTree = "<group>";
		};
		FF770A131F5FE0C500979C11 /* traning2-1-8UITests */ = {
			isa = PBXGroup;
			children = (
				FF770A141F5FE0C500979C11 /* traning2_1_8UITests.m */,
				FF770A161F5FE0C500979C11 /* Info.plist */,
			);
			path = "traning2-1-8UITests";
			sourceTree = "<group>";
		};
/* End PBXGroup section */

/* Begin PBXNativeTarget section */
		FF7709EB1F5FE0C300979C11 /* traning2-1-8 */ = {
			isa = PBXNativeTarget;
			buildConfigurationList = FF770A191F5FE0C500979C11 /* Build configuration list for PBXNativeTarget "traning2-1-8" */;
			buildPhases = (
				FF7709E81F5FE0C300979C11 /* Sources */,
				FF7709E91F5FE0C300979C11 /* Frameworks */,
				FF7709EA1F5FE0C300979C11 /* Resources */,
			);
			buildRules = (
			);
			dependencies = (
			);
			name = "traning2-1-8";
			productName = "traning2-1-8";
			productReference = FF7709EC1F5FE0C300979C11 /* traning2-1-8.app */;
			productType = "com.apple.product-type.application";
		};
		FF770A041F5FE0C400979C11 /* traning2-1-8Tests */ = {
			isa = PBXNativeTarget;
			buildConfigurationList = FF770A1C1F5FE0C500979C11 /* Build configuration list for PBXNativeTarget "traning2-1-8Tests" */;
			buildPhases = (
				FF770A011F5FE0C400979C11 /* Sources */,
				FF770A021F5FE0C400979C11 /* Frameworks */,
				FF770A031F5FE0C400979C11 /* Resources */,
			);
			buildRules = (
			);
			dependencies = (
				FF770A071F5FE0C400979C11 /* PBXTargetDependency */,
			);
			name = "traning2-1-8Tests";
			productName = "traning2-1-8Tests";
			productReference = FF770A051F5FE0C400979C11 /* traning2-1-8Tests.xctest */;
			productType = "com.apple.product-type.bundle.unit-test";
		};
		FF770A0F1F5FE0C500979C11 /* traning2-1-8UITests */ = {
			isa = PBXNativeTarget;
			buildConfigurationList = FF770A1F1F5FE0C500979C11 /* Build configuration list for PBXNativeTarget "traning2-1-8UITests" */;
			buildPhases = (
				FF770A0C1F5FE0C500979C11 /* Sources */,
				FF770A0D1F5FE0C500979C11 /* Frameworks */,
				FF770A0E1F5FE0C500979C11 /* Resources */,
			);
			buildRules = (
			);
			dependencies = (
				FF770A121F5FE0C500979C11 /* PBXTargetDependency */,
			);
			name = "traning2-1-8UITests";
			productName = "traning2-1-8UITests";
			productReference = FF770A101F5FE0C500979C11 /* traning2-1-8UITests.xctest */;
			productType = "com.apple.product-type.bundle.ui-testing";
		};
/* End PBXNativeTarget section */

/* Begin PBXProject section */
		FF7709E41F5FE0C300979C11 /* Project object */ = {
			isa = PBXProject;
			attributes = {
				LastUpgradeCheck = 0830;
				ORGANIZATIONNAME = "MAC管理者 STV";
				TargetAttributes = {
					FF7709EB1F5FE0C300979C11 = {
						CreatedOnToolsVersion = 8.3.3;
						ProvisioningStyle = Automatic;
					};
					FF770A041F5FE0C400979C11 = {
						CreatedOnToolsVersion = 8.3.3;
						ProvisioningStyle = Automatic;
						TestTargetID = FF7709EB1F5FE0C300979C11;
					};
					FF770A0F1F5FE0C500979C11 = {
						CreatedOnToolsVersion = 8.3.3;
						ProvisioningStyle = Automatic;
						TestTargetID = FF7709EB1F5FE0C300979C11;
					};
				};
			};
			buildConfigurationList = FF7709E71F5FE0C300979C11 /* Build configuration list for PBXProject "traning2-1-8" */;
			compatibilityVersion = "Xcode 3.2";
			developmentRegion = English;
			hasScannedForEncodings = 0;
			knownRegions = (
				en,
				Base,
			);
			mainGroup = FF7709E31F5FE0C300979C11;
			productRefGroup = FF7709ED1F5FE0C300979C11 /* Products */;
			projectDirPath = "";
			projectRoot = "";
			targets = (
				FF7709EB1F5FE0C300979C11 /* traning2-1-8 */,
				FF770A041F5FE0C400979C11 /* traning2-1-8Tests */,
				FF770A0F1F5FE0C500979C11 /* traning2-1-8UITests */,
			);
		};
/* End PBXProject section */

/* Begin PBXResourcesBuildPhase section */
		FF7709EA1F5FE0C300979C11 /* Resources */ = {
			isa = PBXResourcesBuildPhase;
			buildActionMask = 2147483647;
			files = (
				FF7709FF1F5FE0C400979C11 /* LaunchScreen.storyboard in Resources */,
				9113AB4E1F67CA1300E96E29 /* Localizable.strings in Resources */,
				FF7709FC1F5FE0C400979C11 /* Assets.xcassets in Resources */,
				FF7709FA1F5FE0C400979C11 /* Main.storyboard in Resources */,
			);
			runOnlyForDeploymentPostprocessing = 0;
		};
		FF770A031F5FE0C400979C11 /* Resources */ = {
			isa = PBXResourcesBuildPhase;
			buildActionMask = 2147483647;
			files = (
			);
			runOnlyForDeploymentPostprocessing = 0;
		};
		FF770A0E1F5FE0C500979C11 /* Resources */ = {
			isa = PBXResourcesBuildPhase;
			buildActionMask = 2147483647;
			files = (
			);
			runOnlyForDeploymentPostprocessing = 0;
		};
/* End PBXResourcesBuildPhase section */

/* Begin PBXSourcesBuildPhase section */
		FF7709E81F5FE0C300979C11 /* Sources */ = {
			isa = PBXSourcesBuildPhase;
			buildActionMask = 2147483647;
			files = (
				FF7709F71F5FE0C400979C11 /* ViewController.m in Sources */,
				FF7709F41F5FE0C400979C11 /* AppDelegate.m in Sources */,
				FF7709F11F5FE0C400979C11 /* main.m in Sources */,
			);
			runOnlyForDeploymentPostprocessing = 0;
		};
		FF770A011F5FE0C400979C11 /* Sources */ = {
			isa = PBXSourcesBuildPhase;
			buildActionMask = 2147483647;
			files = (
				FF770A0A1F5FE0C500979C11 /* traning2_1_8Tests.m in Sources */,
			);
			runOnlyForDeploymentPostprocessing = 0;
		};
		FF770A0C1F5FE0C500979C11 /* Sources */ = {
			isa = PBXSourcesBuildPhase;
			buildActionMask = 2147483647;
			files = (
				FF770A151F5FE0C500979C11 /* traning2_1_8UITests.m in Sources */,
			);
			runOnlyForDeploymentPostprocessing = 0;
		};
/* End PBXSourcesBuildPhase section */

/* Begin PBXTargetDependency section */
		FF770A071F5FE0C400979C11 /* PBXTargetDependency */ = {
			isa = PBXTargetDependency;
			target = FF7709EB1F5FE0C300979C11 /* traning2-1-8 */;
			targetProxy = FF770A061F5FE0C400979C11 /* PBXContainerItemProxy */;
		};
		FF770A121F5FE0C500979C11 /* PBXTargetDependency */ = {
			isa = PBXTargetDependency;
			target = FF7709EB1F5FE0C300979C11 /* traning2-1-8 */;
			targetProxy = FF770A111F5FE0C500979C11 /* PBXContainerItemProxy */;
		};
/* End PBXTargetDependency section */

/* Begin PBXVariantGroup section */
		9113AB501F67CA1300E96E29 /* Localizable.strings */ = {
			isa = PBXVariantGroup;
			children = (
				9113AB4F1F67CA1300E96E29 /* ja */,
			);
			name = Localizable.strings;
			path = "traning2-1-8";
			sourceTree = "<group>";
		};
		FF7709F81F5FE0C400979C11 /* Main.storyboard */ = {
			isa = PBXVariantGroup;
			children = (
				FF7709F91F5FE0C400979C11 /* Base */,
				9113AB4C1F67CA0900E96E29 /* ja */,
			);
			name = Main.storyboard;
			sourceTree = "<group>";
		};
		FF7709FD1F5FE0C400979C11 /* LaunchScreen.storyboard */ = {
			isa = PBXVariantGroup;
			children = (
				FF7709FE1F5FE0C400979C11 /* Base */,
				9113AB4D1F67CA0A00E96E29 /* ja */,
			);
			name = LaunchScreen.storyboard;
			sourceTree = "<group>";
		};
/* End PBXVariantGroup section */

/* Begin XCBuildConfiguration section */
		FF770A171F5FE0C500979C11 /* Debug */ = {
			isa = XCBuildConfiguration;
			buildSettings = {
				ALWAYS_SEARCH_USER_PATHS = NO;
				CLANG_ANALYZER_LOCALIZABILITY_NONLOCALIZED = YES;
				CLANG_ANALYZER_NONNULL = YES;
				CLANG_ANALYZER_NUMBER_OBJECT_CONVERSION = YES_AGGRESSIVE;
				CLANG_CXX_LANGUAGE_STANDARD = "gnu++0x";
				CLANG_CXX_LIBRARY = "libc++";
				CLANG_ENABLE_MODULES = YES;
				CLANG_ENABLE_OBJC_ARC = YES;
				CLANG_WARN_BOOL_CONVERSION = YES;
				CLANG_WARN_CONSTANT_CONVERSION = YES;
				CLANG_WARN_DIRECT_OBJC_ISA_USAGE = YES_ERROR;
				CLANG_WARN_DOCUMENTATION_COMMENTS = YES;
				CLANG_WARN_EMPTY_BODY = YES;
				CLANG_WARN_ENUM_CONVERSION = YES;
				CLANG_WARN_INFINITE_RECURSION = YES;
				CLANG_WARN_INT_CONVERSION = YES;
				CLANG_WARN_OBJC_ROOT_CLASS = YES_ERROR;
				CLANG_WARN_SUSPICIOUS_MOVE = YES;
				CLANG_WARN_UNREACHABLE_CODE = YES;
				CLANG_WARN__DUPLICATE_METHOD_MATCH = YES;
				"CODE_SIGN_IDENTITY[sdk=iphoneos*]" = "iPhone Developer";
				COPY_PHASE_STRIP = NO;
				DEBUG_INFORMATION_FORMAT = dwarf;
				ENABLE_STRICT_OBJC_MSGSEND = YES;
				ENABLE_TESTABILITY = YES;
				GCC_C_LANGUAGE_STANDARD = gnu99;
				GCC_DYNAMIC_NO_PIC = NO;
				GCC_NO_COMMON_BLOCKS = YES;
				GCC_OPTIMIZATION_LEVEL = 0;
				GCC_PREPROCESSOR_DEFINITIONS = (
					"DEBUG=1",
					"$(inherited)",
				);
				GCC_WARN_64_TO_32_BIT_CONVERSION = YES;
				GCC_WARN_ABOUT_RETURN_TYPE = YES_ERROR;
				GCC_WARN_UNDECLARED_SELECTOR = YES;
				GCC_WARN_UNINITIALIZED_AUTOS = YES_AGGRESSIVE;
				GCC_WARN_UNUSED_FUNCTION = YES;
				GCC_WARN_UNUSED_VARIABLE = YES;
				IPHONEOS_DEPLOYMENT_TARGET = 10.3;
				MTL_ENABLE_DEBUG_INFO = YES;
				ONLY_ACTIVE_ARCH = YES;
				SDKROOT = iphoneos;
			};
			name = Debug;
		};
		FF770A181F5FE0C500979C11 /* Release */ = {
			isa = XCBuildConfiguration;
			buildSettings = {
				ALWAYS_SEARCH_USER_PATHS = NO;
				CLANG_ANALYZER_LOCALIZABILITY_NONLOCALIZED = YES;
				CLANG_ANALYZER_NONNULL = YES;
				CLANG_ANALYZER_NUMBER_OBJECT_CONVERSION = YES_AGGRESSIVE;
				CLANG_CXX_LANGUAGE_STANDARD = "gnu++0x";
				CLANG_CXX_LIBRARY = "libc++";
				CLANG_ENABLE_MODULES = YES;
				CLANG_ENABLE_OBJC_ARC = YES;
				CLANG_WARN_BOOL_CONVERSION = YES;
				CLANG_WARN_CONSTANT_CONVERSION = YES;
				CLANG_WARN_DIRECT_OBJC_ISA_USAGE = YES_ERROR;
				CLANG_WARN_DOCUMENTATION_COMMENTS = YES;
				CLANG_WARN_EMPTY_BODY = YES;
				CLANG_WARN_ENUM_CONVERSION = YES;
				CLANG_WARN_INFINITE_RECURSION = YES;
				CLANG_WARN_INT_CONVERSION = YES;
				CLANG_WARN_OBJC_ROOT_CLASS = YES_ERROR;
				CLANG_WARN_SUSPICIOUS_MOVE = YES;
				CLANG_WARN_UNREACHABLE_CODE = YES;
				CLANG_WARN__DUPLICATE_METHOD_MATCH = YES;
				"CODE_SIGN_IDENTITY[sdk=iphoneos*]" = "iPhone Developer";
				COPY_PHASE_STRIP = NO;
				DEBUG_INFORMATION_FORMAT = "dwarf-with-dsym";
				ENABLE_NS_ASSERTIONS = NO;
				ENABLE_STRICT_OBJC_MSGSEND = YES;
				GCC_C_LANGUAGE_STANDARD = gnu99;
				GCC_NO_COMMON_BLOCKS = YES;
				GCC_WARN_64_TO_32_BIT_CONVERSION = YES;
				GCC_WARN_ABOUT_RETURN_TYPE = YES_ERROR;
				GCC_WARN_UNDECLARED_SELECTOR = YES;
				GCC_WARN_UNINITIALIZED_AUTOS = YES_AGGRESSIVE;
				GCC_WARN_UNUSED_FUNCTION = YES;
				GCC_WARN_UNUSED_VARIABLE = YES;
				IPHONEOS_DEPLOYMENT_TARGET = 10.3;
				MTL_ENABLE_DEBUG_INFO = NO;
				SDKROOT = iphoneos;
				VALIDATE_PRODUCT = YES;
			};
			name = Release;
		};
		FF770A1A1F5FE0C500979C11 /* Debug */ = {
			isa = XCBuildConfiguration;
			buildSettings = {
				ASSETCATALOG_COMPILER_APPICON_NAME = AppIcon;
				INFOPLIST_FILE = "traning2-1-8/Info.plist";
				LD_RUNPATH_SEARCH_PATHS = "$(inherited) @executable_path/Frameworks";
				PRODUCT_BUNDLE_IDENTIFIER = "TsunakiMasuda.traning2-1-8";
				PRODUCT_NAME = "$(TARGET_NAME)";
			};
			name = Debug;
		};
		FF770A1B1F5FE0C500979C11 /* Release */ = {
			isa = XCBuildConfiguration;
			buildSettings = {
				ASSETCATALOG_COMPILER_APPICON_NAME = AppIcon;
				INFOPLIST_FILE = "traning2-1-8/Info.plist";
				LD_RUNPATH_SEARCH_PATHS = "$(inherited) @executable_path/Frameworks";
				PRODUCT_BUNDLE_IDENTIFIER = "TsunakiMasuda.traning2-1-8";
				PRODUCT_NAME = "$(TARGET_NAME)";
			};
			name = Release;
		};
		FF770A1D1F5FE0C500979C11 /* Debug */ = {
			isa = XCBuildConfiguration;
			buildSettings = {
				BUNDLE_LOADER = "$(TEST_HOST)";
				INFOPLIST_FILE = "traning2-1-8Tests/Info.plist";
				LD_RUNPATH_SEARCH_PATHS = "$(inherited) @executable_path/Frameworks @loader_path/Frameworks";
				PRODUCT_BUNDLE_IDENTIFIER = "TsunakiMasuda.traning2-1-8Tests";
				PRODUCT_NAME = "$(TARGET_NAME)";
				TEST_HOST = "$(BUILT_PRODUCTS_DIR)/traning2-1-8.app/traning2-1-8";
			};
			name = Debug;
		};
		FF770A1E1F5FE0C500979C11 /* Release */ = {
			isa = XCBuildConfiguration;
			buildSettings = {
				BUNDLE_LOADER = "$(TEST_HOST)";
				INFOPLIST_FILE = "traning2-1-8Tests/Info.plist";
				LD_RUNPATH_SEARCH_PATHS = "$(inherited) @executable_path/Frameworks @loader_path/Frameworks";
				PRODUCT_BUNDLE_IDENTIFIER = "TsunakiMasuda.traning2-1-8Tests";
				PRODUCT_NAME = "$(TARGET_NAME)";
				TEST_HOST = "$(BUILT_PRODUCTS_DIR)/traning2-1-8.app/traning2-1-8";
			};
			name = Release;
		};
		FF770A201F5FE0C500979C11 /* Debug */ = {
			isa = XCBuildConfiguration;
			buildSettings = {
				INFOPLIST_FILE = "traning2-1-8UITests/Info.plist";
				LD_RUNPATH_SEARCH_PATHS = "$(inherited) @executable_path/Frameworks @loader_path/Frameworks";
				PRODUCT_BUNDLE_IDENTIFIER = "TsunakiMasuda.traning2-1-8UITests";
				PRODUCT_NAME = "$(TARGET_NAME)";
				TEST_TARGET_NAME = "traning2-1-8";
			};
			name = Debug;
		};
		FF770A211F5FE0C500979C11 /* Release */ = {
			isa = XCBuildConfiguration;
			buildSettings = {
				INFOPLIST_FILE = "traning2-1-8UITests/Info.plist";
				LD_RUNPATH_SEARCH_PATHS = "$(inherited) @executable_path/Frameworks @loader_path/Frameworks";
				PRODUCT_BUNDLE_IDENTIFIER = "TsunakiMasuda.traning2-1-8UITests";
				PRODUCT_NAME = "$(TARGET_NAME)";
				TEST_TARGET_NAME = "traning2-1-8";
			};
			name = Release;
		};
/* End XCBuildConfiguration section */

/* Begin XCConfigurationList section */
		FF7709E71F5FE0C300979C11 /* Build configuration list for PBXProject "traning2-1-8" */ = {
			isa = XCConfigurationList;
			buildConfigurations = (
				FF770A171F5FE0C500979C11 /* Debug */,
				FF770A181F5FE0C500979C11 /* Release */,
			);
			defaultConfigurationIsVisible = 0;
			defaultConfigurationName = Release;
		};
		FF770A191F5FE0C500979C11 /* Build configuration list for PBXNativeTarget "traning2-1-8" */ = {
			isa = XCConfigurationList;
			buildConfigurations = (
				FF770A1A1F5FE0C500979C11 /* Debug */,
				FF770A1B1F5FE0C500979C11 /* Release */,
			);
			defaultConfigurationIsVisible = 0;
			defaultConfigurationName = Release;
		};
		FF770A1C1F5FE0C500979C11 /* Build configuration list for PBXNativeTarget "traning2-1-8Tests" */ = {
			isa = XCConfigurationList;
			buildConfigurations = (
				FF770A1D1F5FE0C500979C11 /* Debug */,
				FF770A1E1F5FE0C500979C11 /* Release */,
			);
			defaultConfigurationIsVisible = 0;
			defaultConfigurationName = Release;
		};
		FF770A1F1F5FE0C500979C11 /* Build configuration list for PBXNativeTarget "traning2-1-8UITests" */ = {
			isa = XCConfigurationList;
			buildConfigurations = (
				FF770A201F5FE0C500979C11 /* Debug */,
				FF770A211F5FE0C500979C11 /* Release */,
			);
			defaultConfigurationIsVisible = 0;
			defaultConfigurationName = Release;
		};
/* End XCConfigurationList section */
	};
	rootObject = FF7709E41F5FE0C300979C11 /* Project object */;
}
