// !$*UTF8*$!
{
	archiveVersion = 1;
	classes = {
	};
	objectVersion = 46;
	objects = {

/* Begin PBXBuildFile section */
		FF48ABDC1F6432EE00C52049 /* main.m in Sources */ = {isa = PBXBuildFile; fileRef = FF48ABDB1F6432EE00C52049 /* main.m */; };
		FF48ABDF1F6432EE00C52049 /* AppDelegate.m in Sources */ = {isa = PBXBuildFile; fileRef = FF48ABDE1F6432EE00C52049 /* AppDelegate.m */; };
		FF48ABE21F6432EE00C52049 /* ViewController.m in Sources */ = {isa = PBXBuildFile; fileRef = FF48ABE11F6432EE00C52049 /* ViewController.m */; };
		FF48ABE51F6432EE00C52049 /* Main.storyboard in Resources */ = {isa = PBXBuildFile; fileRef = FF48ABE31F6432EE00C52049 /* Main.storyboard */; };
		FF48ABE71F6432EE00C52049 /* Assets.xcassets in Resources */ = {isa = PBXBuildFile; fileRef = FF48ABE61F6432EE00C52049 /* Assets.xcassets */; };
		FF48ABEA1F6432EE00C52049 /* LaunchScreen.storyboard in Resources */ = {isa = PBXBuildFile; fileRef = FF48ABE81F6432EE00C52049 /* LaunchScreen.storyboard */; };
		FF48ABF51F6432EF00C52049 /* traning2_1_11Tests.m in Sources */ = {isa = PBXBuildFile; fileRef = FF48ABF41F6432EF00C52049 /* traning2_1_11Tests.m */; };
		FF48AC001F6432EF00C52049 /* traning2_1_11UITests.m in Sources */ = {isa = PBXBuildFile; fileRef = FF48ABFF1F6432EF00C52049 /* traning2_1_11UITests.m */; };
		FF48AC0E1F64330900C52049 /* PropertyList.plist in Resources */ = {isa = PBXBuildFile; fileRef = FF48AC0D1F64330900C52049 /* PropertyList.plist */; };
/* End PBXBuildFile section */

/* Begin PBXContainerItemProxy section */
		FF48ABF11F6432EF00C52049 /* PBXContainerItemProxy */ = {
			isa = PBXContainerItemProxy;
			containerPortal = FF48ABCF1F6432ED00C52049 /* Project object */;
			proxyType = 1;
			remoteGlobalIDString = FF48ABD61F6432ED00C52049;
			remoteInfo = "traning2-1-11";
		};
		FF48ABFC1F6432EF00C52049 /* PBXContainerItemProxy */ = {
			isa = PBXContainerItemProxy;
			containerPortal = FF48ABCF1F6432ED00C52049 /* Project object */;
			proxyType = 1;
			remoteGlobalIDString = FF48ABD61F6432ED00C52049;
			remoteInfo = "traning2-1-11";
		};
/* End PBXContainerItemProxy section */

/* Begin PBXFileReference section */
		FF48ABD71F6432ED00C52049 /* traning2-1-11.app */ = {isa = PBXFileReference; explicitFileType = wrapper.application; includeInIndex = 0; path = "traning2-1-11.app"; sourceTree = BUILT_PRODUCTS_DIR; };
		FF48ABDB1F6432EE00C52049 /* main.m */ = {isa = PBXFileReference; lastKnownFileType = sourcecode.c.objc; path = main.m; sourceTree = "<group>"; };
		FF48ABDD1F6432EE00C52049 /* AppDelegate.h */ = {isa = PBXFileReference; lastKnownFileType = sourcecode.c.h; path = AppDelegate.h; sourceTree = "<group>"; };
		FF48ABDE1F6432EE00C52049 /* AppDelegate.m */ = {isa = PBXFileReference; lastKnownFileType = sourcecode.c.objc; path = AppDelegate.m; sourceTree = "<group>"; };
		FF48ABE01F6432EE00C52049 /* ViewController.h */ = {isa = PBXFileReference; lastKnownFileType = sourcecode.c.h; path = ViewController.h; sourceTree = "<group>"; };
		FF48ABE11F6432EE00C52049 /* ViewController.m */ = {isa = PBXFileReference; lastKnownFileType = sourcecode.c.objc; path = ViewController.m; sourceTree = "<group>"; };
		FF48ABE41F6432EE00C52049 /* Base */ = {isa = PBXFileReference; lastKnownFileType = file.storyboard; name = Base; path = Base.lproj/Main.storyboard; sourceTree = "<group>"; };
		FF48ABE61F6432EE00C52049 /* Assets.xcassets */ = {isa = PBXFileReference; lastKnownFileType = folder.assetcatalog; path = Assets.xcassets; sourceTree = "<group>"; };
		FF48ABE91F6432EE00C52049 /* Base */ = {isa = PBXFileReference; lastKnownFileType = file.storyboard; name = Base; path = Base.lproj/LaunchScreen.storyboard; sourceTree = "<group>"; };
		FF48ABEB1F6432EE00C52049 /* Info.plist */ = {isa = PBXFileReference; lastKnownFileType = text.plist.xml; path = Info.plist; sourceTree = "<group>"; };
		FF48ABF01F6432EF00C52049 /* traning2-1-11Tests.xctest */ = {isa = PBXFileReference; explicitFileType = wrapper.cfbundle; includeInIndex = 0; path = "traning2-1-11Tests.xctest"; sourceTree = BUILT_PRODUCTS_DIR; };
		FF48ABF41F6432EF00C52049 /* traning2_1_11Tests.m */ = {isa = PBXFileReference; lastKnownFileType = sourcecode.c.objc; path = traning2_1_11Tests.m; sourceTree = "<group>"; };
		FF48ABF61F6432EF00C52049 /* Info.plist */ = {isa = PBXFileReference; lastKnownFileType = text.plist.xml; path = Info.plist; sourceTree = "<group>"; };
		FF48ABFB1F6432EF00C52049 /* traning2-1-11UITests.xctest */ = {isa = PBXFileReference; explicitFileType = wrapper.cfbundle; includeInIndex = 0; path = "traning2-1-11UITests.xctest"; sourceTree = BUILT_PRODUCTS_DIR; };
		FF48ABFF1F6432EF00C52049 /* traning2_1_11UITests.m */ = {isa = PBXFileReference; lastKnownFileType = sourcecode.c.objc; path = traning2_1_11UITests.m; sourceTree = "<group>"; };
		FF48AC011F6432EF00C52049 /* Info.plist */ = {isa = PBXFileReference; lastKnownFileType = text.plist.xml; path = Info.plist; sourceTree = "<group>"; };
		FF48AC0D1F64330900C52049 /* PropertyList.plist */ = {isa = PBXFileReference; fileEncoding = 4; lastKnownFileType = text.plist.xml; path = PropertyList.plist; sourceTree = "<group>"; };
/* End PBXFileReference section */

/* Begin PBXFrameworksBuildPhase section */
		FF48ABD41F6432ED00C52049 /* Frameworks */ = {
			isa = PBXFrameworksBuildPhase;
			buildActionMask = 2147483647;
			files = (
			);
			runOnlyForDeploymentPostprocessing = 0;
		};
		FF48ABED1F6432EF00C52049 /* Frameworks */ = {
			isa = PBXFrameworksBuildPhase;
			buildActionMask = 2147483647;
			files = (
			);
			runOnlyForDeploymentPostprocessing = 0;
		};
		FF48ABF81F6432EF00C52049 /* Frameworks */ = {
			isa = PBXFrameworksBuildPhase;
			buildActionMask = 2147483647;
			files = (
			);
			runOnlyForDeploymentPostprocessing = 0;
		};
/* End PBXFrameworksBuildPhase section */

/* Begin PBXGroup section */
		FF48ABCE1F6432ED00C52049 = {
			isa = PBXGroup;
			children = (
				FF48ABD91F6432ED00C52049 /* traning2-1-11 */,
				FF48ABF31F6432EF00C52049 /* traning2-1-11Tests */,
				FF48ABFE1F6432EF00C52049 /* traning2-1-11UITests */,
				FF48ABD81F6432ED00C52049 /* Products */,
			);
			sourceTree = "<group>";
		};
		FF48ABD81F6432ED00C52049 /* Products */ = {
			isa = PBXGroup;
			children = (
				FF48ABD71F6432ED00C52049 /* traning2-1-11.app */,
				FF48ABF01F6432EF00C52049 /* traning2-1-11Tests.xctest */,
				FF48ABFB1F6432EF00C52049 /* traning2-1-11UITests.xctest */,
			);
			name = Products;
			sourceTree = "<group>";
		};
		FF48ABD91F6432ED00C52049 /* traning2-1-11 */ = {
			isa = PBXGroup;
			children = (
				FF48ABDD1F6432EE00C52049 /* AppDelegate.h */,
				FF48ABDE1F6432EE00C52049 /* AppDelegate.m */,
				FF48ABE01F6432EE00C52049 /* ViewController.h */,
				FF48ABE11F6432EE00C52049 /* ViewController.m */,
				FF48ABE31F6432EE00C52049 /* Main.storyboard */,
				FF48ABE61F6432EE00C52049 /* Assets.xcassets */,
				FF48ABE81F6432EE00C52049 /* LaunchScreen.storyboard */,
				FF48ABEB1F6432EE00C52049 /* Info.plist */,
				FF48AC0D1F64330900C52049 /* PropertyList.plist */,
				FF48ABDA1F6432EE00C52049 /* Supporting Files */,
			);
			path = "traning2-1-11";
			sourceTree = "<group>";
		};
		FF48ABDA1F6432EE00C52049 /* Supporting Files */ = {
			isa = PBXGroup;
			children = (
				FF48ABDB1F6432EE00C52049 /* main.m */,
			);
			name = "Supporting Files";
			sourceTree = "<group>";
		};
		FF48ABF31F6432EF00C52049 /* traning2-1-11Tests */ = {
			isa = PBXGroup;
			children = (
				FF48ABF41F6432EF00C52049 /* traning2_1_11Tests.m */,
				FF48ABF61F6432EF00C52049 /* Info.plist */,
			);
			path = "traning2-1-11Tests";
			sourceTree = "<group>";
		};
		FF48ABFE1F6432EF00C52049 /* traning2-1-11UITests */ = {
			isa = PBXGroup;
			children = (
				FF48ABFF1F6432EF00C52049 /* traning2_1_11UITests.m */,
				FF48AC011F6432EF00C52049 /* Info.plist */,
			);
			path = "traning2-1-11UITests";
			sourceTree = "<group>";
		};
/* End PBXGroup section */

/* Begin PBXNativeTarget section */
		FF48ABD61F6432ED00C52049 /* traning2-1-11 */ = {
			isa = PBXNativeTarget;
			buildConfigurationList = FF48AC041F6432EF00C52049 /* Build configuration list for PBXNativeTarget "traning2-1-11" */;
			buildPhases = (
				FF48ABD31F6432ED00C52049 /* Sources */,
				FF48ABD41F6432ED00C52049 /* Frameworks */,
				FF48ABD51F6432ED00C52049 /* Resources */,
			);
			buildRules = (
			);
			dependencies = (
			);
			name = "traning2-1-11";
			productName = "traning2-1-11";
			productReference = FF48ABD71F6432ED00C52049 /* traning2-1-11.app */;
			productType = "com.apple.product-type.application";
		};
		FF48ABEF1F6432EF00C52049 /* traning2-1-11Tests */ = {
			isa = PBXNativeTarget;
			buildConfigurationList = FF48AC071F6432EF00C52049 /* Build configuration list for PBXNativeTarget "traning2-1-11Tests" */;
			buildPhases = (
				FF48ABEC1F6432EF00C52049 /* Sources */,
				FF48ABED1F6432EF00C52049 /* Frameworks */,
				FF48ABEE1F6432EF00C52049 /* Resources */,
			);
			buildRules = (
			);
			dependencies = (
				FF48ABF21F6432EF00C52049 /* PBXTargetDependency */,
			);
			name = "traning2-1-11Tests";
			productName = "traning2-1-11Tests";
			productReference = FF48ABF01F6432EF00C52049 /* traning2-1-11Tests.xctest */;
			productType = "com.apple.product-type.bundle.unit-test";
		};
		FF48ABFA1F6432EF00C52049 /* traning2-1-11UITests */ = {
			isa = PBXNativeTarget;
			buildConfigurationList = FF48AC0A1F6432EF00C52049 /* Build configuration list for PBXNativeTarget "traning2-1-11UITests" */;
			buildPhases = (
				FF48ABF71F6432EF00C52049 /* Sources */,
				FF48ABF81F6432EF00C52049 /* Frameworks */,
				FF48ABF91F6432EF00C52049 /* Resources */,
			);
			buildRules = (
			);
			dependencies = (
				FF48ABFD1F6432EF00C52049 /* PBXTargetDependency */,
			);
			name = "traning2-1-11UITests";
			productName = "traning2-1-11UITests";
			productReference = FF48ABFB1F6432EF00C52049 /* traning2-1-11UITests.xctest */;
			productType = "com.apple.product-type.bundle.ui-testing";
		};
/* End PBXNativeTarget section */

/* Begin PBXProject section */
		FF48ABCF1F6432ED00C52049 /* Project object */ = {
			isa = PBXProject;
			attributes = {
				LastUpgradeCheck = 0830;
				ORGANIZATIONNAME = "MAC管理者 STV";
				TargetAttributes = {
					FF48ABD61F6432ED00C52049 = {
						CreatedOnToolsVersion = 8.3.3;
						ProvisioningStyle = Automatic;
					};
					FF48ABEF1F6432EF00C52049 = {
						CreatedOnToolsVersion = 8.3.3;
						ProvisioningStyle = Automatic;
						TestTargetID = FF48ABD61F6432ED00C52049;
					};
					FF48ABFA1F6432EF00C52049 = {
						CreatedOnToolsVersion = 8.3.3;
						ProvisioningStyle = Automatic;
						TestTargetID = FF48ABD61F6432ED00C52049;
					};
				};
			};
			buildConfigurationList = FF48ABD21F6432ED00C52049 /* Build configuration list for PBXProject "traning2-1-11" */;
			compatibilityVersion = "Xcode 3.2";
			developmentRegion = English;
			hasScannedForEncodings = 0;
			knownRegions = (
				en,
				Base,
			);
			mainGroup = FF48ABCE1F6432ED00C52049;
			productRefGroup = FF48ABD81F6432ED00C52049 /* Products */;
			projectDirPath = "";
			projectRoot = "";
			targets = (
				FF48ABD61F6432ED00C52049 /* traning2-1-11 */,
				FF48ABEF1F6432EF00C52049 /* traning2-1-11Tests */,
				FF48ABFA1F6432EF00C52049 /* traning2-1-11UITests */,
			);
		};
/* End PBXProject section */

/* Begin PBXResourcesBuildPhase section */
		FF48ABD51F6432ED00C52049 /* Resources */ = {
			isa = PBXResourcesBuildPhase;
			buildActionMask = 2147483647;
			files = (
				FF48ABEA1F6432EE00C52049 /* LaunchScreen.storyboard in Resources */,
				FF48AC0E1F64330900C52049 /* PropertyList.plist in Resources */,
				FF48ABE71F6432EE00C52049 /* Assets.xcassets in Resources */,
				FF48ABE51F6432EE00C52049 /* Main.storyboard in Resources */,
			);
			runOnlyForDeploymentPostprocessing = 0;
		};
		FF48ABEE1F6432EF00C52049 /* Resources */ = {
			isa = PBXResourcesBuildPhase;
			buildActionMask = 2147483647;
			files = (
			);
			runOnlyForDeploymentPostprocessing = 0;
		};
		FF48ABF91F6432EF00C52049 /* Resources */ = {
			isa = PBXResourcesBuildPhase;
			buildActionMask = 2147483647;
			files = (
			);
			runOnlyForDeploymentPostprocessing = 0;
		};
/* End PBXResourcesBuildPhase section */

/* Begin PBXSourcesBuildPhase section */
		FF48ABD31F6432ED00C52049 /* Sources */ = {
			isa = PBXSourcesBuildPhase;
			buildActionMask = 2147483647;
			files = (
				FF48ABE21F6432EE00C52049 /* ViewController.m in Sources */,
				FF48ABDF1F6432EE00C52049 /* AppDelegate.m in Sources */,
				FF48ABDC1F6432EE00C52049 /* main.m in Sources */,
			);
			runOnlyForDeploymentPostprocessing = 0;
		};
		FF48ABEC1F6432EF00C52049 /* Sources */ = {
			isa = PBXSourcesBuildPhase;
			buildActionMask = 2147483647;
			files = (
				FF48ABF51F6432EF00C52049 /* traning2_1_11Tests.m in Sources */,
			);
			runOnlyForDeploymentPostprocessing = 0;
		};
		FF48ABF71F6432EF00C52049 /* Sources */ = {
			isa = PBXSourcesBuildPhase;
			buildActionMask = 2147483647;
			files = (
				FF48AC001F6432EF00C52049 /* traning2_1_11UITests.m in Sources */,
			);
			runOnlyForDeploymentPostprocessing = 0;
		};
/* End PBXSourcesBuildPhase section */

/* Begin PBXTargetDependency section */
		FF48ABF21F6432EF00C52049 /* PBXTargetDependency */ = {
			isa = PBXTargetDependency;
			target = FF48ABD61F6432ED00C52049 /* traning2-1-11 */;
			targetProxy = FF48ABF11F6432EF00C52049 /* PBXContainerItemProxy */;
		};
		FF48ABFD1F6432EF00C52049 /* PBXTargetDependency */ = {
			isa = PBXTargetDependency;
			target = FF48ABD61F6432ED00C52049 /* traning2-1-11 */;
			targetProxy = FF48ABFC1F6432EF00C52049 /* PBXContainerItemProxy */;
		};
/* End PBXTargetDependency section */

/* Begin PBXVariantGroup section */
		FF48ABE31F6432EE00C52049 /* Main.storyboard */ = {
			isa = PBXVariantGroup;
			children = (
				FF48ABE41F6432EE00C52049 /* Base */,
			);
			name = Main.storyboard;
			sourceTree = "<group>";
		};
		FF48ABE81F6432EE00C52049 /* LaunchScreen.storyboard */ = {
			isa = PBXVariantGroup;
			children = (
				FF48ABE91F6432EE00C52049 /* Base */,
			);
			name = LaunchScreen.storyboard;
			sourceTree = "<group>";
		};
/* End PBXVariantGroup section */

/* Begin XCBuildConfiguration section */
		FF48AC021F6432EF00C52049 /* Debug */ = {
			isa = XCBuildConfiguration;
			buildSettings = {
				ALWAYS_SEARCH_USER_PATHS = NO;
				CLANG_ANALYZER_NONNULL = YES;
				CLANG_ANALYZER_NUMBER_OBJECT_CONVERSION = YES_AGGRESSIVE;
				CLANG_CXX_LANGUAGE_STANDARD = "gnu++0x";
				CLANG_CXX_LIBRARY = "libc++";
				CLANG_ENABLE_MODULES = YES;
				CLANG_ENABLE_OBJC_ARC = YES;
				CLANG_WARN_BOOL_CONVERSION = YES;
				CLANG_WARN_CONSTANT_CONVERSION = YES;
				CLANG_WARN_DIRECT_OBJC_ISA_USAGE = YES_ERROR;
				CLANG_WARN_DOCUMENTATION_COMMENTS = YES;
				CLANG_WARN_EMPTY_BODY = YES;
				CLANG_WARN_ENUM_CONVERSION = YES;
				CLANG_WARN_INFINITE_RECURSION = YES;
				CLANG_WARN_INT_CONVERSION = YES;
				CLANG_WARN_OBJC_ROOT_CLASS = YES_ERROR;
				CLANG_WARN_SUSPICIOUS_MOVE = YES;
				CLANG_WARN_UNREACHABLE_CODE = YES;
				CLANG_WARN__DUPLICATE_METHOD_MATCH = YES;
				"CODE_SIGN_IDENTITY[sdk=iphoneos*]" = "iPhone Developer";
				COPY_PHASE_STRIP = NO;
				DEBUG_INFORMATION_FORMAT = dwarf;
				ENABLE_STRICT_OBJC_MSGSEND = YES;
				ENABLE_TESTABILITY = YES;
				GCC_C_LANGUAGE_STANDARD = gnu99;
				GCC_DYNAMIC_NO_PIC = NO;
				GCC_NO_COMMON_BLOCKS = YES;
				GCC_OPTIMIZATION_LEVEL = 0;
				GCC_PREPROCESSOR_DEFINITIONS = (
					"DEBUG=1",
					"$(inherited)",
				);
				GCC_WARN_64_TO_32_BIT_CONVERSION = YES;
				GCC_WARN_ABOUT_RETURN_TYPE = YES_ERROR;
				GCC_WARN_UNDECLARED_SELECTOR = YES;
				GCC_WARN_UNINITIALIZED_AUTOS = YES_AGGRESSIVE;
				GCC_WARN_UNUSED_FUNCTION = YES;
				GCC_WARN_UNUSED_VARIABLE = YES;
				IPHONEOS_DEPLOYMENT_TARGET = 10.3;
				MTL_ENABLE_DEBUG_INFO = YES;
				ONLY_ACTIVE_ARCH = YES;
				SDKROOT = iphoneos;
			};
			name = Debug;
		};
		FF48AC031F6432EF00C52049 /* Release */ = {
			isa = XCBuildConfiguration;
			buildSettings = {
				ALWAYS_SEARCH_USER_PATHS = NO;
				CLANG_ANALYZER_NONNULL = YES;
				CLANG_ANALYZER_NUMBER_OBJECT_CONVERSION = YES_AGGRESSIVE;
				CLANG_CXX_LANGUAGE_STANDARD = "gnu++0x";
				CLANG_CXX_LIBRARY = "libc++";
				CLANG_ENABLE_MODULES = YES;
				CLANG_ENABLE_OBJC_ARC = YES;
				CLANG_WARN_BOOL_CONVERSION = YES;
				CLANG_WARN_CONSTANT_CONVERSION = YES;
				CLANG_WARN_DIRECT_OBJC_ISA_USAGE = YES_ERROR;
				CLANG_WARN_DOCUMENTATION_COMMENTS = YES;
				CLANG_WARN_EMPTY_BODY = YES;
				CLANG_WARN_ENUM_CONVERSION = YES;
				CLANG_WARN_INFINITE_RECURSION = YES;
				CLANG_WARN_INT_CONVERSION = YES;
				CLANG_WARN_OBJC_ROOT_CLASS = YES_ERROR;
				CLANG_WARN_SUSPICIOUS_MOVE = YES;
				CLANG_WARN_UNREACHABLE_CODE = YES;
				CLANG_WARN__DUPLICATE_METHOD_MATCH = YES;
				"CODE_SIGN_IDENTITY[sdk=iphoneos*]" = "iPhone Developer";
				COPY_PHASE_STRIP = NO;
				DEBUG_INFORMATION_FORMAT = "dwarf-with-dsym";
				ENABLE_NS_ASSERTIONS = NO;
				ENABLE_STRICT_OBJC_MSGSEND = YES;
				GCC_C_LANGUAGE_STANDARD = gnu99;
				GCC_NO_COMMON_BLOCKS = YES;
				GCC_WARN_64_TO_32_BIT_CONVERSION = YES;
				GCC_WARN_ABOUT_RETURN_TYPE = YES_ERROR;
				GCC_WARN_UNDECLARED_SELECTOR = YES;
				GCC_WARN_UNINITIALIZED_AUTOS = YES_AGGRESSIVE;
				GCC_WARN_UNUSED_FUNCTION = YES;
				GCC_WARN_UNUSED_VARIABLE = YES;
				IPHONEOS_DEPLOYMENT_TARGET = 10.3;
				MTL_ENABLE_DEBUG_INFO = NO;
				SDKROOT = iphoneos;
				VALIDATE_PRODUCT = YES;
			};
			name = Release;
		};
		FF48AC051F6432EF00C52049 /* Debug */ = {
			isa = XCBuildConfiguration;
			buildSettings = {
				ASSETCATALOG_COMPILER_APPICON_NAME = AppIcon;
				INFOPLIST_FILE = "traning2-1-11/Info.plist";
				LD_RUNPATH_SEARCH_PATHS = "$(inherited) @executable_path/Frameworks";
				PRODUCT_BUNDLE_IDENTIFIER = "TsunakiMasuda.traning2-1-11";
				PRODUCT_NAME = "$(TARGET_NAME)";
			};
			name = Debug;
		};
		FF48AC061F6432EF00C52049 /* Release */ = {
			isa = XCBuildConfiguration;
			buildSettings = {
				ASSETCATALOG_COMPILER_APPICON_NAME = AppIcon;
				INFOPLIST_FILE = "traning2-1-11/Info.plist";
				LD_RUNPATH_SEARCH_PATHS = "$(inherited) @executable_path/Frameworks";
				PRODUCT_BUNDLE_IDENTIFIER = "TsunakiMasuda.traning2-1-11";
				PRODUCT_NAME = "$(TARGET_NAME)";
			};
			name = Release;
		};
		FF48AC081F6432EF00C52049 /* Debug */ = {
			isa = XCBuildConfiguration;
			buildSettings = {
				BUNDLE_LOADER = "$(TEST_HOST)";
				INFOPLIST_FILE = "traning2-1-11Tests/Info.plist";
				LD_RUNPATH_SEARCH_PATHS = "$(inherited) @executable_path/Frameworks @loader_path/Frameworks";
				PRODUCT_BUNDLE_IDENTIFIER = "TsunakiMasuda.traning2-1-11Tests";
				PRODUCT_NAME = "$(TARGET_NAME)";
				TEST_HOST = "$(BUILT_PRODUCTS_DIR)/traning2-1-11.app/traning2-1-11";
			};
			name = Debug;
		};
		FF48AC091F6432EF00C52049 /* Release */ = {
			isa = XCBuildConfiguration;
			buildSettings = {
				BUNDLE_LOADER = "$(TEST_HOST)";
				INFOPLIST_FILE = "traning2-1-11Tests/Info.plist";
				LD_RUNPATH_SEARCH_PATHS = "$(inherited) @executable_path/Frameworks @loader_path/Frameworks";
				PRODUCT_BUNDLE_IDENTIFIER = "TsunakiMasuda.traning2-1-11Tests";
				PRODUCT_NAME = "$(TARGET_NAME)";
				TEST_HOST = "$(BUILT_PRODUCTS_DIR)/traning2-1-11.app/traning2-1-11";
			};
			name = Release;
		};
		FF48AC0B1F6432EF00C52049 /* Debug */ = {
			isa = XCBuildConfiguration;
			buildSettings = {
				INFOPLIST_FILE = "traning2-1-11UITests/Info.plist";
				LD_RUNPATH_SEARCH_PATHS = "$(inherited) @executable_path/Frameworks @loader_path/Frameworks";
				PRODUCT_BUNDLE_IDENTIFIER = "TsunakiMasuda.traning2-1-11UITests";
				PRODUCT_NAME = "$(TARGET_NAME)";
				TEST_TARGET_NAME = "traning2-1-11";
			};
			name = Debug;
		};
		FF48AC0C1F6432EF00C52049 /* Release */ = {
			isa = XCBuildConfiguration;
			buildSettings = {
				INFOPLIST_FILE = "traning2-1-11UITests/Info.plist";
				LD_RUNPATH_SEARCH_PATHS = "$(inherited) @executable_path/Frameworks @loader_path/Frameworks";
				PRODUCT_BUNDLE_IDENTIFIER = "TsunakiMasuda.traning2-1-11UITests";
				PRODUCT_NAME = "$(TARGET_NAME)";
				TEST_TARGET_NAME = "traning2-1-11";
			};
			name = Release;
		};
/* End XCBuildConfiguration section */

/* Begin XCConfigurationList section */
		FF48ABD21F6432ED00C52049 /* Build configuration list for PBXProject "traning2-1-11" */ = {
			isa = XCConfigurationList;
			buildConfigurations = (
				FF48AC021F6432EF00C52049 /* Debug */,
				FF48AC031F6432EF00C52049 /* Release */,
			);
			defaultConfigurationIsVisible = 0;
			defaultConfigurationName = Release;
		};
		FF48AC041F6432EF00C52049 /* Build configuration list for PBXNativeTarget "traning2-1-11" */ = {
			isa = XCConfigurationList;
			buildConfigurations = (
				FF48AC051F6432EF00C52049 /* Debug */,
				FF48AC061F6432EF00C52049 /* Release */,
			);
			defaultConfigurationIsVisible = 0;
		};
		FF48AC071F6432EF00C52049 /* Build configuration list for PBXNativeTarget "traning2-1-11Tests" */ = {
			isa = XCConfigurationList;
			buildConfigurations = (
				FF48AC081F6432EF00C52049 /* Debug */,
				FF48AC091F6432EF00C52049 /* Release */,
			);
			defaultConfigurationIsVisible = 0;
		};
		FF48AC0A1F6432EF00C52049 /* Build configuration list for PBXNativeTarget "traning2-1-11UITests" */ = {
			isa = XCConfigurationList;
			buildConfigurations = (
				FF48AC0B1F6432EF00C52049 /* Debug */,
				FF48AC0C1F6432EF00C52049 /* Release */,
			);
			defaultConfigurationIsVisible = 0;
		};
/* End XCConfigurationList section */
	};
	rootObject = FF48ABCF1F6432ED00C52049 /* Project object */;
}
