// !$*UTF8*$!
{
	archiveVersion = 1;
	classes = {
	};
	objectVersion = 48;
	objects = {

/* Begin PBXBuildFile section */
		9111088F1F7515ED00FF5252 /* AppDelegate.m in Sources */ = {isa = PBXBuildFile; fileRef = 9111088E1F7515ED00FF5252 /* AppDelegate.m */; };
		911108921F7515ED00FF5252 /* ViewController.m in Sources */ = {isa = PBXBuildFile; fileRef = 911108911F7515ED00FF5252 /* ViewController.m */; };
		911108951F7515ED00FF5252 /* Main.storyboard in Resources */ = {isa = PBXBuildFile; fileRef = 911108931F7515ED00FF5252 /* Main.storyboard */; };
		911108971F7515ED00FF5252 /* Assets.xcassets in Resources */ = {isa = PBXBuildFile; fileRef = 911108961F7515ED00FF5252 /* Assets.xcassets */; };
		9111089A1F7515ED00FF5252 /* LaunchScreen.storyboard in Resources */ = {isa = PBXBuildFile; fileRef = 911108981F7515ED00FF5252 /* LaunchScreen.storyboard */; };
		9111089D1F7515ED00FF5252 /* main.m in Sources */ = {isa = PBXBuildFile; fileRef = 9111089C1F7515ED00FF5252 /* main.m */; };
		911108A71F7515ED00FF5252 /* traning2_5_1Tests.m in Sources */ = {isa = PBXBuildFile; fileRef = 911108A61F7515ED00FF5252 /* traning2_5_1Tests.m */; };
		911108B21F7515ED00FF5252 /* traning2_5_1UITests.m in Sources */ = {isa = PBXBuildFile; fileRef = 911108B11F7515ED00FF5252 /* traning2_5_1UITests.m */; };
/* End PBXBuildFile section */

/* Begin PBXContainerItemProxy section */
		911108A31F7515ED00FF5252 /* PBXContainerItemProxy */ = {
			isa = PBXContainerItemProxy;
			containerPortal = 911108821F7515ED00FF5252 /* Project object */;
			proxyType = 1;
			remoteGlobalIDString = 911108891F7515ED00FF5252;
			remoteInfo = "traning2-5-1";
		};
		911108AE1F7515ED00FF5252 /* PBXContainerItemProxy */ = {
			isa = PBXContainerItemProxy;
			containerPortal = 911108821F7515ED00FF5252 /* Project object */;
			proxyType = 1;
			remoteGlobalIDString = 911108891F7515ED00FF5252;
			remoteInfo = "traning2-5-1";
		};
/* End PBXContainerItemProxy section */

/* Begin PBXFileReference section */
		9111088A1F7515ED00FF5252 /* traning2-5-1.app */ = {isa = PBXFileReference; explicitFileType = wrapper.application; includeInIndex = 0; path = "traning2-5-1.app"; sourceTree = BUILT_PRODUCTS_DIR; };
		9111088D1F7515ED00FF5252 /* AppDelegate.h */ = {isa = PBXFileReference; lastKnownFileType = sourcecode.c.h; path = AppDelegate.h; sourceTree = "<group>"; };
		9111088E1F7515ED00FF5252 /* AppDelegate.m */ = {isa = PBXFileReference; lastKnownFileType = sourcecode.c.objc; path = AppDelegate.m; sourceTree = "<group>"; };
		911108901F7515ED00FF5252 /* ViewController.h */ = {isa = PBXFileReference; lastKnownFileType = sourcecode.c.h; path = ViewController.h; sourceTree = "<group>"; };
		911108911F7515ED00FF5252 /* ViewController.m */ = {isa = PBXFileReference; lastKnownFileType = sourcecode.c.objc; path = ViewController.m; sourceTree = "<group>"; };
		911108941F7515ED00FF5252 /* Base */ = {isa = PBXFileReference; lastKnownFileType = file.storyboard; name = Base; path = Base.lproj/Main.storyboard; sourceTree = "<group>"; };
		911108961F7515ED00FF5252 /* Assets.xcassets */ = {isa = PBXFileReference; lastKnownFileType = folder.assetcatalog; path = Assets.xcassets; sourceTree = "<group>"; };
		911108991F7515ED00FF5252 /* Base */ = {isa = PBXFileReference; lastKnownFileType = file.storyboard; name = Base; path = Base.lproj/LaunchScreen.storyboard; sourceTree = "<group>"; };
		9111089B1F7515ED00FF5252 /* Info.plist */ = {isa = PBXFileReference; lastKnownFileType = text.plist.xml; path = Info.plist; sourceTree = "<group>"; };
		9111089C1F7515ED00FF5252 /* main.m */ = {isa = PBXFileReference; lastKnownFileType = sourcecode.c.objc; path = main.m; sourceTree = "<group>"; };
		911108A21F7515ED00FF5252 /* traning2-5-1Tests.xctest */ = {isa = PBXFileReference; explicitFileType = wrapper.cfbundle; includeInIndex = 0; path = "traning2-5-1Tests.xctest"; sourceTree = BUILT_PRODUCTS_DIR; };
		911108A61F7515ED00FF5252 /* traning2_5_1Tests.m */ = {isa = PBXFileReference; lastKnownFileType = sourcecode.c.objc; path = traning2_5_1Tests.m; sourceTree = "<group>"; };
		911108A81F7515ED00FF5252 /* Info.plist */ = {isa = PBXFileReference; lastKnownFileType = text.plist.xml; path = Info.plist; sourceTree = "<group>"; };
		911108AD1F7515ED00FF5252 /* traning2-5-1UITests.xctest */ = {isa = PBXFileReference; explicitFileType = wrapper.cfbundle; includeInIndex = 0; path = "traning2-5-1UITests.xctest"; sourceTree = BUILT_PRODUCTS_DIR; };
		911108B11F7515ED00FF5252 /* traning2_5_1UITests.m */ = {isa = PBXFileReference; lastKnownFileType = sourcecode.c.objc; path = traning2_5_1UITests.m; sourceTree = "<group>"; };
		911108B31F7515ED00FF5252 /* Info.plist */ = {isa = PBXFileReference; lastKnownFileType = text.plist.xml; path = Info.plist; sourceTree = "<group>"; };
/* End PBXFileReference section */

/* Begin PBXFrameworksBuildPhase section */
		911108871F7515ED00FF5252 /* Frameworks */ = {
			isa = PBXFrameworksBuildPhase;
			buildActionMask = 2147483647;
			files = (
			);
			runOnlyForDeploymentPostprocessing = 0;
		};
		9111089F1F7515ED00FF5252 /* Frameworks */ = {
			isa = PBXFrameworksBuildPhase;
			buildActionMask = 2147483647;
			files = (
			);
			runOnlyForDeploymentPostprocessing = 0;
		};
		911108AA1F7515ED00FF5252 /* Frameworks */ = {
			isa = PBXFrameworksBuildPhase;
			buildActionMask = 2147483647;
			files = (
			);
			runOnlyForDeploymentPostprocessing = 0;
		};
/* End PBXFrameworksBuildPhase section */

/* Begin PBXGroup section */
		911108811F7515ED00FF5252 = {
			isa = PBXGroup;
			children = (
				9111088C1F7515ED00FF5252 /* traning2-5-1 */,
				911108A51F7515ED00FF5252 /* traning2-5-1Tests */,
				911108B01F7515ED00FF5252 /* traning2-5-1UITests */,
				9111088B1F7515ED00FF5252 /* Products */,
			);
			sourceTree = "<group>";
		};
		9111088B1F7515ED00FF5252 /* Products */ = {
			isa = PBXGroup;
			children = (
				9111088A1F7515ED00FF5252 /* traning2-5-1.app */,
				911108A21F7515ED00FF5252 /* traning2-5-1Tests.xctest */,
				911108AD1F7515ED00FF5252 /* traning2-5-1UITests.xctest */,
			);
			name = Products;
			sourceTree = "<group>";
		};
		9111088C1F7515ED00FF5252 /* traning2-5-1 */ = {
			isa = PBXGroup;
			children = (
				911108C01F75160200FF5252 /* Views */,
				911108BF1F7515F800FF5252 /* Controllers */,
				911108961F7515ED00FF5252 /* Assets.xcassets */,
				9111089B1F7515ED00FF5252 /* Info.plist */,
				9111089C1F7515ED00FF5252 /* main.m */,
			);
			path = "traning2-5-1";
			sourceTree = "<group>";
		};
		911108A51F7515ED00FF5252 /* traning2-5-1Tests */ = {
			isa = PBXGroup;
			children = (
				911108A61F7515ED00FF5252 /* traning2_5_1Tests.m */,
				911108A81F7515ED00FF5252 /* Info.plist */,
			);
			path = "traning2-5-1Tests";
			sourceTree = "<group>";
		};
		911108B01F7515ED00FF5252 /* traning2-5-1UITests */ = {
			isa = PBXGroup;
			children = (
				911108B11F7515ED00FF5252 /* traning2_5_1UITests.m */,
				911108B31F7515ED00FF5252 /* Info.plist */,
			);
			path = "traning2-5-1UITests";
			sourceTree = "<group>";
		};
		911108BF1F7515F800FF5252 /* Controllers */ = {
			isa = PBXGroup;
			children = (
				9111088D1F7515ED00FF5252 /* AppDelegate.h */,
				9111088E1F7515ED00FF5252 /* AppDelegate.m */,
				911108901F7515ED00FF5252 /* ViewController.h */,
				911108911F7515ED00FF5252 /* ViewController.m */,
			);
			path = Controllers;
			sourceTree = "<group>";
		};
		911108C01F75160200FF5252 /* Views */ = {
			isa = PBXGroup;
			children = (
				911108931F7515ED00FF5252 /* Main.storyboard */,
				911108981F7515ED00FF5252 /* LaunchScreen.storyboard */,
			);
			path = Views;
			sourceTree = "<group>";
		};
/* End PBXGroup section */

/* Begin PBXNativeTarget section */
		911108891F7515ED00FF5252 /* traning2-5-1 */ = {
			isa = PBXNativeTarget;
			buildConfigurationList = 911108B61F7515ED00FF5252 /* Build configuration list for PBXNativeTarget "traning2-5-1" */;
			buildPhases = (
				911108861F7515ED00FF5252 /* Sources */,
				911108871F7515ED00FF5252 /* Frameworks */,
				911108881F7515ED00FF5252 /* Resources */,
			);
			buildRules = (
			);
			dependencies = (
			);
			name = "traning2-5-1";
			productName = "traning2-5-1";
			productReference = 9111088A1F7515ED00FF5252 /* traning2-5-1.app */;
			productType = "com.apple.product-type.application";
		};
		911108A11F7515ED00FF5252 /* traning2-5-1Tests */ = {
			isa = PBXNativeTarget;
			buildConfigurationList = 911108B91F7515ED00FF5252 /* Build configuration list for PBXNativeTarget "traning2-5-1Tests" */;
			buildPhases = (
				9111089E1F7515ED00FF5252 /* Sources */,
				9111089F1F7515ED00FF5252 /* Frameworks */,
				911108A01F7515ED00FF5252 /* Resources */,
			);
			buildRules = (
			);
			dependencies = (
				911108A41F7515ED00FF5252 /* PBXTargetDependency */,
			);
			name = "traning2-5-1Tests";
			productName = "traning2-5-1Tests";
			productReference = 911108A21F7515ED00FF5252 /* traning2-5-1Tests.xctest */;
			productType = "com.apple.product-type.bundle.unit-test";
		};
		911108AC1F7515ED00FF5252 /* traning2-5-1UITests */ = {
			isa = PBXNativeTarget;
			buildConfigurationList = 911108BC1F7515ED00FF5252 /* Build configuration list for PBXNativeTarget "traning2-5-1UITests" */;
			buildPhases = (
				911108A91F7515ED00FF5252 /* Sources */,
				911108AA1F7515ED00FF5252 /* Frameworks */,
				911108AB1F7515ED00FF5252 /* Resources */,
			);
			buildRules = (
			);
			dependencies = (
				911108AF1F7515ED00FF5252 /* PBXTargetDependency */,
			);
			name = "traning2-5-1UITests";
			productName = "traning2-5-1UITests";
			productReference = 911108AD1F7515ED00FF5252 /* traning2-5-1UITests.xctest */;
			productType = "com.apple.product-type.bundle.ui-testing";
		};
/* End PBXNativeTarget section */

/* Begin PBXProject section */
		911108821F7515ED00FF5252 /* Project object */ = {
			isa = PBXProject;
			attributes = {
				LastUpgradeCheck = 0900;
				ORGANIZATIONNAME = TsunakiMasuda;
				TargetAttributes = {
					911108891F7515ED00FF5252 = {
						CreatedOnToolsVersion = 9.0;
						ProvisioningStyle = Automatic;
					};
					911108A11F7515ED00FF5252 = {
						CreatedOnToolsVersion = 9.0;
						ProvisioningStyle = Automatic;
						TestTargetID = 911108891F7515ED00FF5252;
					};
					911108AC1F7515ED00FF5252 = {
						CreatedOnToolsVersion = 9.0;
						ProvisioningStyle = Automatic;
						TestTargetID = 911108891F7515ED00FF5252;
					};
				};
			};
			buildConfigurationList = 911108851F7515ED00FF5252 /* Build configuration list for PBXProject "traning2-5-1" */;
			compatibilityVersion = "Xcode 8.0";
			developmentRegion = en;
			hasScannedForEncodings = 0;
			knownRegions = (
				en,
				Base,
			);
			mainGroup = 911108811F7515ED00FF5252;
			productRefGroup = 9111088B1F7515ED00FF5252 /* Products */;
			projectDirPath = "";
			projectRoot = "";
			targets = (
				911108891F7515ED00FF5252 /* traning2-5-1 */,
				911108A11F7515ED00FF5252 /* traning2-5-1Tests */,
				911108AC1F7515ED00FF5252 /* traning2-5-1UITests */,
			);
		};
/* End PBXProject section */

/* Begin PBXResourcesBuildPhase section */
		911108881F7515ED00FF5252 /* Resources */ = {
			isa = PBXResourcesBuildPhase;
			buildActionMask = 2147483647;
			files = (
				9111089A1F7515ED00FF5252 /* LaunchScreen.storyboard in Resources */,
				911108971F7515ED00FF5252 /* Assets.xcassets in Resources */,
				911108951F7515ED00FF5252 /* Main.storyboard in Resources */,
			);
			runOnlyForDeploymentPostprocessing = 0;
		};
		911108A01F7515ED00FF5252 /* Resources */ = {
			isa = PBXResourcesBuildPhase;
			buildActionMask = 2147483647;
			files = (
			);
			runOnlyForDeploymentPostprocessing = 0;
		};
		911108AB1F7515ED00FF5252 /* Resources */ = {
			isa = PBXResourcesBuildPhase;
			buildActionMask = 2147483647;
			files = (
			);
			runOnlyForDeploymentPostprocessing = 0;
		};
/* End PBXResourcesBuildPhase section */

/* Begin PBXSourcesBuildPhase section */
		911108861F7515ED00FF5252 /* Sources */ = {
			isa = PBXSourcesBuildPhase;
			buildActionMask = 2147483647;
			files = (
				911108921F7515ED00FF5252 /* ViewController.m in Sources */,
				9111089D1F7515ED00FF5252 /* main.m in Sources */,
				9111088F1F7515ED00FF5252 /* AppDelegate.m in Sources */,
			);
			runOnlyForDeploymentPostprocessing = 0;
		};
		9111089E1F7515ED00FF5252 /* Sources */ = {
			isa = PBXSourcesBuildPhase;
			buildActionMask = 2147483647;
			files = (
				911108A71F7515ED00FF5252 /* traning2_5_1Tests.m in Sources */,
			);
			runOnlyForDeploymentPostprocessing = 0;
		};
		911108A91F7515ED00FF5252 /* Sources */ = {
			isa = PBXSourcesBuildPhase;
			buildActionMask = 2147483647;
			files = (
				911108B21F7515ED00FF5252 /* traning2_5_1UITests.m in Sources */,
			);
			runOnlyForDeploymentPostprocessing = 0;
		};
/* End PBXSourcesBuildPhase section */

/* Begin PBXTargetDependency section */
		911108A41F7515ED00FF5252 /* PBXTargetDependency */ = {
			isa = PBXTargetDependency;
			target = 911108891F7515ED00FF5252 /* traning2-5-1 */;
			targetProxy = 911108A31F7515ED00FF5252 /* PBXContainerItemProxy */;
		};
		911108AF1F7515ED00FF5252 /* PBXTargetDependency */ = {
			isa = PBXTargetDependency;
			target = 911108891F7515ED00FF5252 /* traning2-5-1 */;
			targetProxy = 911108AE1F7515ED00FF5252 /* PBXContainerItemProxy */;
		};
/* End PBXTargetDependency section */

/* Begin PBXVariantGroup section */
		911108931F7515ED00FF5252 /* Main.storyboard */ = {
			isa = PBXVariantGroup;
			children = (
				911108941F7515ED00FF5252 /* Base */,
			);
			name = Main.storyboard;
			sourceTree = "<group>";
		};
		911108981F7515ED00FF5252 /* LaunchScreen.storyboard */ = {
			isa = PBXVariantGroup;
			children = (
				911108991F7515ED00FF5252 /* Base */,
			);
			name = LaunchScreen.storyboard;
			sourceTree = "<group>";
		};
/* End PBXVariantGroup section */

/* Begin XCBuildConfiguration section */
		911108B41F7515ED00FF5252 /* Debug */ = {
			isa = XCBuildConfiguration;
			buildSettings = {
				ALWAYS_SEARCH_USER_PATHS = NO;
				CLANG_ANALYZER_NONNULL = YES;
				CLANG_ANALYZER_NUMBER_OBJECT_CONVERSION = YES_AGGRESSIVE;
				CLANG_CXX_LANGUAGE_STANDARD = "gnu++14";
				CLANG_CXX_LIBRARY = "libc++";
				CLANG_ENABLE_MODULES = YES;
				CLANG_ENABLE_OBJC_ARC = YES;
				CLANG_WARN_BLOCK_CAPTURE_AUTORELEASING = YES;
				CLANG_WARN_BOOL_CONVERSION = YES;
				CLANG_WARN_COMMA = YES;
				CLANG_WARN_CONSTANT_CONVERSION = YES;
				CLANG_WARN_DIRECT_OBJC_ISA_USAGE = YES_ERROR;
				CLANG_WARN_DOCUMENTATION_COMMENTS = YES;
				CLANG_WARN_EMPTY_BODY = YES;
				CLANG_WARN_ENUM_CONVERSION = YES;
				CLANG_WARN_INFINITE_RECURSION = YES;
				CLANG_WARN_INT_CONVERSION = YES;
				CLANG_WARN_NON_LITERAL_NULL_CONVERSION = YES;
				CLANG_WARN_OBJC_LITERAL_CONVERSION = YES;
				CLANG_WARN_OBJC_ROOT_CLASS = YES_ERROR;
				CLANG_WARN_RANGE_LOOP_ANALYSIS = YES;
				CLANG_WARN_STRICT_PROTOTYPES = YES;
				CLANG_WARN_SUSPICIOUS_MOVE = YES;
				CLANG_WARN_UNGUARDED_AVAILABILITY = YES_AGGRESSIVE;
				CLANG_WARN_UNREACHABLE_CODE = YES;
				CLANG_WARN__DUPLICATE_METHOD_MATCH = YES;
				CODE_SIGN_IDENTITY = "iPhone Developer";
				COPY_PHASE_STRIP = NO;
				DEBUG_INFORMATION_FORMAT = dwarf;
				ENABLE_STRICT_OBJC_MSGSEND = YES;
				ENABLE_TESTABILITY = YES;
				GCC_C_LANGUAGE_STANDARD = gnu11;
				GCC_DYNAMIC_NO_PIC = NO;
				GCC_NO_COMMON_BLOCKS = YES;
				GCC_OPTIMIZATION_LEVEL = 0;
				GCC_PREPROCESSOR_DEFINITIONS = (
					"DEBUG=1",
					"$(inherited)",
				);
				GCC_WARN_64_TO_32_BIT_CONVERSION = YES;
				GCC_WARN_ABOUT_RETURN_TYPE = YES_ERROR;
				GCC_WARN_UNDECLARED_SELECTOR = YES;
				GCC_WARN_UNINITIALIZED_AUTOS = YES_AGGRESSIVE;
				GCC_WARN_UNUSED_FUNCTION = YES;
				GCC_WARN_UNUSED_VARIABLE = YES;
				IPHONEOS_DEPLOYMENT_TARGET = 10.0;
				MTL_ENABLE_DEBUG_INFO = YES;
				ONLY_ACTIVE_ARCH = YES;
				SDKROOT = iphoneos;
			};
			name = Debug;
		};
		911108B51F7515ED00FF5252 /* Release */ = {
			isa = XCBuildConfiguration;
			buildSettings = {
				ALWAYS_SEARCH_USER_PATHS = NO;
				CLANG_ANALYZER_NONNULL = YES;
				CLANG_ANALYZER_NUMBER_OBJECT_CONVERSION = YES_AGGRESSIVE;
				CLANG_CXX_LANGUAGE_STANDARD = "gnu++14";
				CLANG_CXX_LIBRARY = "libc++";
				CLANG_ENABLE_MODULES = YES;
				CLANG_ENABLE_OBJC_ARC = YES;
				CLANG_WARN_BLOCK_CAPTURE_AUTORELEASING = YES;
				CLANG_WARN_BOOL_CONVERSION = YES;
				CLANG_WARN_COMMA = YES;
				CLANG_WARN_CONSTANT_CONVERSION = YES;
				CLANG_WARN_DIRECT_OBJC_ISA_USAGE = YES_ERROR;
				CLANG_WARN_DOCUMENTATION_COMMENTS = YES;
				CLANG_WARN_EMPTY_BODY = YES;
				CLANG_WARN_ENUM_CONVERSION = YES;
				CLANG_WARN_INFINITE_RECURSION = YES;
				CLANG_WARN_INT_CONVERSION = YES;
				CLANG_WARN_NON_LITERAL_NULL_CONVERSION = YES;
				CLANG_WARN_OBJC_LITERAL_CONVERSION = YES;
				CLANG_WARN_OBJC_ROOT_CLASS = YES_ERROR;
				CLANG_WARN_RANGE_LOOP_ANALYSIS = YES;
				CLANG_WARN_STRICT_PROTOTYPES = YES;
				CLANG_WARN_SUSPICIOUS_MOVE = YES;
				CLANG_WARN_UNGUARDED_AVAILABILITY = YES_AGGRESSIVE;
				CLANG_WARN_UNREACHABLE_CODE = YES;
				CLANG_WARN__DUPLICATE_METHOD_MATCH = YES;
				CODE_SIGN_IDENTITY = "iPhone Developer";
				COPY_PHASE_STRIP = NO;
				DEBUG_INFORMATION_FORMAT = "dwarf-with-dsym";
				ENABLE_NS_ASSERTIONS = NO;
				ENABLE_STRICT_OBJC_MSGSEND = YES;
				GCC_C_LANGUAGE_STANDARD = gnu11;
				GCC_NO_COMMON_BLOCKS = YES;
				GCC_WARN_64_TO_32_BIT_CONVERSION = YES;
				GCC_WARN_ABOUT_RETURN_TYPE = YES_ERROR;
				GCC_WARN_UNDECLARED_SELECTOR = YES;
				GCC_WARN_UNINITIALIZED_AUTOS = YES_AGGRESSIVE;
				GCC_WARN_UNUSED_FUNCTION = YES;
				GCC_WARN_UNUSED_VARIABLE = YES;
				IPHONEOS_DEPLOYMENT_TARGET = 10.0;
				MTL_ENABLE_DEBUG_INFO = NO;
				SDKROOT = iphoneos;
				VALIDATE_PRODUCT = YES;
			};
			name = Release;
		};
		911108B71F7515ED00FF5252 /* Debug */ = {
			isa = XCBuildConfiguration;
			buildSettings = {
				ASSETCATALOG_COMPILER_APPICON_NAME = AppIcon;
				CODE_SIGN_STYLE = Automatic;
				DEVELOPMENT_TEAM = QPFQU7UXYF;
				INFOPLIST_FILE = "traning2-5-1/Info.plist";
				LD_RUNPATH_SEARCH_PATHS = "$(inherited) @executable_path/Frameworks";
				PRODUCT_BUNDLE_IDENTIFIER = "jp.st-ventures.traning2-5-1";
				PRODUCT_NAME = "$(TARGET_NAME)";
				TARGETED_DEVICE_FAMILY = "1,2";
			};
			name = Debug;
		};
		911108B81F7515ED00FF5252 /* Release */ = {
			isa = XCBuildConfiguration;
			buildSettings = {
				ASSETCATALOG_COMPILER_APPICON_NAME = AppIcon;
				CODE_SIGN_STYLE = Automatic;
				DEVELOPMENT_TEAM = QPFQU7UXYF;
				INFOPLIST_FILE = "traning2-5-1/Info.plist";
				LD_RUNPATH_SEARCH_PATHS = "$(inherited) @executable_path/Frameworks";
				PRODUCT_BUNDLE_IDENTIFIER = "jp.st-ventures.traning2-5-1";
				PRODUCT_NAME = "$(TARGET_NAME)";
				TARGETED_DEVICE_FAMILY = "1,2";
			};
			name = Release;
		};
		911108BA1F7515ED00FF5252 /* Debug */ = {
			isa = XCBuildConfiguration;
			buildSettings = {
				BUNDLE_LOADER = "$(TEST_HOST)";
				CODE_SIGN_STYLE = Automatic;
				DEVELOPMENT_TEAM = QPFQU7UXYF;
				INFOPLIST_FILE = "traning2-5-1Tests/Info.plist";
				LD_RUNPATH_SEARCH_PATHS = "$(inherited) @executable_path/Frameworks @loader_path/Frameworks";
				PRODUCT_BUNDLE_IDENTIFIER = "jp.st-ventures.traning2-5-1Tests";
				PRODUCT_NAME = "$(TARGET_NAME)";
				TARGETED_DEVICE_FAMILY = "1,2";
				TEST_HOST = "$(BUILT_PRODUCTS_DIR)/traning2-5-1.app/traning2-5-1";
			};
			name = Debug;
		};
		911108BB1F7515ED00FF5252 /* Release */ = {
			isa = XCBuildConfiguration;
			buildSettings = {
				BUNDLE_LOADER = "$(TEST_HOST)";
				CODE_SIGN_STYLE = Automatic;
				DEVELOPMENT_TEAM = QPFQU7UXYF;
				INFOPLIST_FILE = "traning2-5-1Tests/Info.plist";
				LD_RUNPATH_SEARCH_PATHS = "$(inherited) @executable_path/Frameworks @loader_path/Frameworks";
				PRODUCT_BUNDLE_IDENTIFIER = "jp.st-ventures.traning2-5-1Tests";
				PRODUCT_NAME = "$(TARGET_NAME)";
				TARGETED_DEVICE_FAMILY = "1,2";
				TEST_HOST = "$(BUILT_PRODUCTS_DIR)/traning2-5-1.app/traning2-5-1";
			};
			name = Release;
		};
		911108BD1F7515ED00FF5252 /* Debug */ = {
			isa = XCBuildConfiguration;
			buildSettings = {
				CODE_SIGN_STYLE = Automatic;
				DEVELOPMENT_TEAM = QPFQU7UXYF;
				INFOPLIST_FILE = "traning2-5-1UITests/Info.plist";
				LD_RUNPATH_SEARCH_PATHS = "$(inherited) @executable_path/Frameworks @loader_path/Frameworks";
				PRODUCT_BUNDLE_IDENTIFIER = "jp.st-ventures.traning2-5-1UITests";
				PRODUCT_NAME = "$(TARGET_NAME)";
				TARGETED_DEVICE_FAMILY = "1,2";
				TEST_TARGET_NAME = "traning2-5-1";
			};
			name = Debug;
		};
		911108BE1F7515ED00FF5252 /* Release */ = {
			isa = XCBuildConfiguration;
			buildSettings = {
				CODE_SIGN_STYLE = Automatic;
				DEVELOPMENT_TEAM = QPFQU7UXYF;
				INFOPLIST_FILE = "traning2-5-1UITests/Info.plist";
				LD_RUNPATH_SEARCH_PATHS = "$(inherited) @executable_path/Frameworks @loader_path/Frameworks";
				PRODUCT_BUNDLE_IDENTIFIER = "jp.st-ventures.traning2-5-1UITests";
				PRODUCT_NAME = "$(TARGET_NAME)";
				TARGETED_DEVICE_FAMILY = "1,2";
				TEST_TARGET_NAME = "traning2-5-1";
			};
			name = Release;
		};
/* End XCBuildConfiguration section */

/* Begin XCConfigurationList section */
		911108851F7515ED00FF5252 /* Build configuration list for PBXProject "traning2-5-1" */ = {
			isa = XCConfigurationList;
			buildConfigurations = (
				911108B41F7515ED00FF5252 /* Debug */,
				911108B51F7515ED00FF5252 /* Release */,
			);
			defaultConfigurationIsVisible = 0;
			defaultConfigurationName = Release;
		};
		911108B61F7515ED00FF5252 /* Build configuration list for PBXNativeTarget "traning2-5-1" */ = {
			isa = XCConfigurationList;
			buildConfigurations = (
				911108B71F7515ED00FF5252 /* Debug */,
				911108B81F7515ED00FF5252 /* Release */,
			);
			defaultConfigurationIsVisible = 0;
			defaultConfigurationName = Release;
		};
		911108B91F7515ED00FF5252 /* Build configuration list for PBXNativeTarget "traning2-5-1Tests" */ = {
			isa = XCConfigurationList;
			buildConfigurations = (
				911108BA1F7515ED00FF5252 /* Debug */,
				911108BB1F7515ED00FF5252 /* Release */,
			);
			defaultConfigurationIsVisible = 0;
			defaultConfigurationName = Release;
		};
		911108BC1F7515ED00FF5252 /* Build configuration list for PBXNativeTarget "traning2-5-1UITests" */ = {
			isa = XCConfigurationList;
			buildConfigurations = (
				911108BD1F7515ED00FF5252 /* Debug */,
				911108BE1F7515ED00FF5252 /* Release */,
			);
			defaultConfigurationIsVisible = 0;
			defaultConfigurationName = Release;
		};
/* End XCConfigurationList section */
	};
	rootObject = 911108821F7515ED00FF5252 /* Project object */;
}
