// !$*UTF8*$!
{
	archiveVersion = 1;
	classes = {
	};
	objectVersion = 46;
	objects = {

/* Begin PBXBuildFile section */
		FFDE05C61F5EA0BD00259266 /* main.m in Sources */ = {isa = PBXBuildFile; fileRef = FFDE05C51F5EA0BD00259266 /* main.m */; };
		FFDE05C91F5EA0BD00259266 /* AppDelegate.m in Sources */ = {isa = PBXBuildFile; fileRef = FFDE05C81F5EA0BD00259266 /* AppDelegate.m */; };
		FFDE05CC1F5EA0BD00259266 /* ViewController.m in Sources */ = {isa = PBXBuildFile; fileRef = FFDE05CB1F5EA0BD00259266 /* ViewController.m */; };
		FFDE05CF1F5EA0BD00259266 /* Main.storyboard in Resources */ = {isa = PBXBuildFile; fileRef = FFDE05CD1F5EA0BD00259266 /* Main.storyboard */; };
		FFDE05D11F5EA0BD00259266 /* Assets.xcassets in Resources */ = {isa = PBXBuildFile; fileRef = FFDE05D01F5EA0BD00259266 /* Assets.xcassets */; };
		FFDE05D41F5EA0BE00259266 /* LaunchScreen.storyboard in Resources */ = {isa = PBXBuildFile; fileRef = FFDE05D21F5EA0BE00259266 /* LaunchScreen.storyboard */; };
		FFDE05DF1F5EA0BE00259266 /* traning2_1_7Tests.m in Sources */ = {isa = PBXBuildFile; fileRef = FFDE05DE1F5EA0BE00259266 /* traning2_1_7Tests.m */; };
		FFDE05EA1F5EA0BF00259266 /* traning2_1_7UITests.m in Sources */ = {isa = PBXBuildFile; fileRef = FFDE05E91F5EA0BF00259266 /* traning2_1_7UITests.m */; };
/* End PBXBuildFile section */

/* Begin PBXContainerItemProxy section */
		FFDE05DB1F5EA0BE00259266 /* PBXContainerItemProxy */ = {
			isa = PBXContainerItemProxy;
			containerPortal = FFDE05B91F5EA0BC00259266 /* Project object */;
			proxyType = 1;
			remoteGlobalIDString = FFDE05C01F5EA0BD00259266;
			remoteInfo = "traning2-1-7";
		};
		FFDE05E61F5EA0BF00259266 /* PBXContainerItemProxy */ = {
			isa = PBXContainerItemProxy;
			containerPortal = FFDE05B91F5EA0BC00259266 /* Project object */;
			proxyType = 1;
			remoteGlobalIDString = FFDE05C01F5EA0BD00259266;
			remoteInfo = "traning2-1-7";
		};
/* End PBXContainerItemProxy section */

/* Begin PBXFileReference section */
		FFDE05C11F5EA0BD00259266 /* traning2-1-7.app */ = {isa = PBXFileReference; explicitFileType = wrapper.application; includeInIndex = 0; path = "traning2-1-7.app"; sourceTree = BUILT_PRODUCTS_DIR; };
		FFDE05C51F5EA0BD00259266 /* main.m */ = {isa = PBXFileReference; lastKnownFileType = sourcecode.c.objc; path = main.m; sourceTree = "<group>"; };
		FFDE05C71F5EA0BD00259266 /* AppDelegate.h */ = {isa = PBXFileReference; lastKnownFileType = sourcecode.c.h; path = AppDelegate.h; sourceTree = "<group>"; };
		FFDE05C81F5EA0BD00259266 /* AppDelegate.m */ = {isa = PBXFileReference; lastKnownFileType = sourcecode.c.objc; path = AppDelegate.m; sourceTree = "<group>"; };
		FFDE05CA1F5EA0BD00259266 /* ViewController.h */ = {isa = PBXFileReference; lastKnownFileType = sourcecode.c.h; path = ViewController.h; sourceTree = "<group>"; };
		FFDE05CB1F5EA0BD00259266 /* ViewController.m */ = {isa = PBXFileReference; lastKnownFileType = sourcecode.c.objc; path = ViewController.m; sourceTree = "<group>"; };
		FFDE05CE1F5EA0BD00259266 /* Base */ = {isa = PBXFileReference; lastKnownFileType = file.storyboard; name = Base; path = Base.lproj/Main.storyboard; sourceTree = "<group>"; };
		FFDE05D01F5EA0BD00259266 /* Assets.xcassets */ = {isa = PBXFileReference; lastKnownFileType = folder.assetcatalog; path = Assets.xcassets; sourceTree = "<group>"; };
		FFDE05D31F5EA0BE00259266 /* Base */ = {isa = PBXFileReference; lastKnownFileType = file.storyboard; name = Base; path = Base.lproj/LaunchScreen.storyboard; sourceTree = "<group>"; };
		FFDE05D51F5EA0BE00259266 /* Info.plist */ = {isa = PBXFileReference; lastKnownFileType = text.plist.xml; path = Info.plist; sourceTree = "<group>"; };
		FFDE05DA1F5EA0BE00259266 /* traning2-1-7Tests.xctest */ = {isa = PBXFileReference; explicitFileType = wrapper.cfbundle; includeInIndex = 0; path = "traning2-1-7Tests.xctest"; sourceTree = BUILT_PRODUCTS_DIR; };
		FFDE05DE1F5EA0BE00259266 /* traning2_1_7Tests.m */ = {isa = PBXFileReference; lastKnownFileType = sourcecode.c.objc; path = traning2_1_7Tests.m; sourceTree = "<group>"; };
		FFDE05E01F5EA0BF00259266 /* Info.plist */ = {isa = PBXFileReference; lastKnownFileType = text.plist.xml; path = Info.plist; sourceTree = "<group>"; };
		FFDE05E51F5EA0BF00259266 /* traning2-1-7UITests.xctest */ = {isa = PBXFileReference; explicitFileType = wrapper.cfbundle; includeInIndex = 0; path = "traning2-1-7UITests.xctest"; sourceTree = BUILT_PRODUCTS_DIR; };
		FFDE05E91F5EA0BF00259266 /* traning2_1_7UITests.m */ = {isa = PBXFileReference; lastKnownFileType = sourcecode.c.objc; path = traning2_1_7UITests.m; sourceTree = "<group>"; };
		FFDE05EB1F5EA0BF00259266 /* Info.plist */ = {isa = PBXFileReference; lastKnownFileType = text.plist.xml; path = Info.plist; sourceTree = "<group>"; };
/* End PBXFileReference section */

/* Begin PBXFrameworksBuildPhase section */
		FFDE05BE1F5EA0BD00259266 /* Frameworks */ = {
			isa = PBXFrameworksBuildPhase;
			buildActionMask = 2147483647;
			files = (
			);
			runOnlyForDeploymentPostprocessing = 0;
		};
		FFDE05D71F5EA0BE00259266 /* Frameworks */ = {
			isa = PBXFrameworksBuildPhase;
			buildActionMask = 2147483647;
			files = (
			);
			runOnlyForDeploymentPostprocessing = 0;
		};
		FFDE05E21F5EA0BF00259266 /* Frameworks */ = {
			isa = PBXFrameworksBuildPhase;
			buildActionMask = 2147483647;
			files = (
			);
			runOnlyForDeploymentPostprocessing = 0;
		};
/* End PBXFrameworksBuildPhase section */

/* Begin PBXGroup section */
		FFDE05B81F5EA0BC00259266 = {
			isa = PBXGroup;
			children = (
				FFDE05C31F5EA0BD00259266 /* traning2-1-7 */,
				FFDE05DD1F5EA0BE00259266 /* traning2-1-7Tests */,
				FFDE05E81F5EA0BF00259266 /* traning2-1-7UITests */,
				FFDE05C21F5EA0BD00259266 /* Products */,
			);
			sourceTree = "<group>";
		};
		FFDE05C21F5EA0BD00259266 /* Products */ = {
			isa = PBXGroup;
			children = (
				FFDE05C11F5EA0BD00259266 /* traning2-1-7.app */,
				FFDE05DA1F5EA0BE00259266 /* traning2-1-7Tests.xctest */,
				FFDE05E51F5EA0BF00259266 /* traning2-1-7UITests.xctest */,
			);
			name = Products;
			sourceTree = "<group>";
		};
		FFDE05C31F5EA0BD00259266 /* traning2-1-7 */ = {
			isa = PBXGroup;
			children = (
				FFDE05C71F5EA0BD00259266 /* AppDelegate.h */,
				FFDE05C81F5EA0BD00259266 /* AppDelegate.m */,
				FFDE05CA1F5EA0BD00259266 /* ViewController.h */,
				FFDE05CB1F5EA0BD00259266 /* ViewController.m */,
				FFDE05CD1F5EA0BD00259266 /* Main.storyboard */,
				FFDE05D01F5EA0BD00259266 /* Assets.xcassets */,
				FFDE05D21F5EA0BE00259266 /* LaunchScreen.storyboard */,
				FFDE05D51F5EA0BE00259266 /* Info.plist */,
				FFDE05C41F5EA0BD00259266 /* Supporting Files */,
			);
			path = "traning2-1-7";
			sourceTree = "<group>";
		};
		FFDE05C41F5EA0BD00259266 /* Supporting Files */ = {
			isa = PBXGroup;
			children = (
				FFDE05C51F5EA0BD00259266 /* main.m */,
			);
			name = "Supporting Files";
			sourceTree = "<group>";
		};
		FFDE05DD1F5EA0BE00259266 /* traning2-1-7Tests */ = {
			isa = PBXGroup;
			children = (
				FFDE05DE1F5EA0BE00259266 /* traning2_1_7Tests.m */,
				FFDE05E01F5EA0BF00259266 /* Info.plist */,
			);
			path = "traning2-1-7Tests";
			sourceTree = "<group>";
		};
		FFDE05E81F5EA0BF00259266 /* traning2-1-7UITests */ = {
			isa = PBXGroup;
			children = (
				FFDE05E91F5EA0BF00259266 /* traning2_1_7UITests.m */,
				FFDE05EB1F5EA0BF00259266 /* Info.plist */,
			);
			path = "traning2-1-7UITests";
			sourceTree = "<group>";
		};
/* End PBXGroup section */

/* Begin PBXNativeTarget section */
		FFDE05C01F5EA0BD00259266 /* traning2-1-7 */ = {
			isa = PBXNativeTarget;
			buildConfigurationList = FFDE05EE1F5EA0BF00259266 /* Build configuration list for PBXNativeTarget "traning2-1-7" */;
			buildPhases = (
				FFDE05BD1F5EA0BD00259266 /* Sources */,
				FFDE05BE1F5EA0BD00259266 /* Frameworks */,
				FFDE05BF1F5EA0BD00259266 /* Resources */,
			);
			buildRules = (
			);
			dependencies = (
			);
			name = "traning2-1-7";
			productName = "traning2-1-7";
			productReference = FFDE05C11F5EA0BD00259266 /* traning2-1-7.app */;
			productType = "com.apple.product-type.application";
		};
		FFDE05D91F5EA0BE00259266 /* traning2-1-7Tests */ = {
			isa = PBXNativeTarget;
			buildConfigurationList = FFDE05F11F5EA0BF00259266 /* Build configuration list for PBXNativeTarget "traning2-1-7Tests" */;
			buildPhases = (
				FFDE05D61F5EA0BE00259266 /* Sources */,
				FFDE05D71F5EA0BE00259266 /* Frameworks */,
				FFDE05D81F5EA0BE00259266 /* Resources */,
			);
			buildRules = (
			);
			dependencies = (
				FFDE05DC1F5EA0BE00259266 /* PBXTargetDependency */,
			);
			name = "traning2-1-7Tests";
			productName = "traning2-1-7Tests";
			productReference = FFDE05DA1F5EA0BE00259266 /* traning2-1-7Tests.xctest */;
			productType = "com.apple.product-type.bundle.unit-test";
		};
		FFDE05E41F5EA0BF00259266 /* traning2-1-7UITests */ = {
			isa = PBXNativeTarget;
			buildConfigurationList = FFDE05F41F5EA0BF00259266 /* Build configuration list for PBXNativeTarget "traning2-1-7UITests" */;
			buildPhases = (
				FFDE05E11F5EA0BF00259266 /* Sources */,
				FFDE05E21F5EA0BF00259266 /* Frameworks */,
				FFDE05E31F5EA0BF00259266 /* Resources */,
			);
			buildRules = (
			);
			dependencies = (
				FFDE05E71F5EA0BF00259266 /* PBXTargetDependency */,
			);
			name = "traning2-1-7UITests";
			productName = "traning2-1-7UITests";
			productReference = FFDE05E51F5EA0BF00259266 /* traning2-1-7UITests.xctest */;
			productType = "com.apple.product-type.bundle.ui-testing";
		};
/* End PBXNativeTarget section */

/* Begin PBXProject section */
		FFDE05B91F5EA0BC00259266 /* Project object */ = {
			isa = PBXProject;
			attributes = {
				LastUpgradeCheck = 0830;
				ORGANIZATIONNAME = "MAC管理者 STV";
				TargetAttributes = {
					FFDE05C01F5EA0BD00259266 = {
						CreatedOnToolsVersion = 8.3.3;
						ProvisioningStyle = Automatic;
					};
					FFDE05D91F5EA0BE00259266 = {
						CreatedOnToolsVersion = 8.3.3;
						ProvisioningStyle = Automatic;
						TestTargetID = FFDE05C01F5EA0BD00259266;
					};
					FFDE05E41F5EA0BF00259266 = {
						CreatedOnToolsVersion = 8.3.3;
						ProvisioningStyle = Automatic;
						TestTargetID = FFDE05C01F5EA0BD00259266;
					};
				};
			};
			buildConfigurationList = FFDE05BC1F5EA0BC00259266 /* Build configuration list for PBXProject "traning2-1-7" */;
			compatibilityVersion = "Xcode 3.2";
			developmentRegion = English;
			hasScannedForEncodings = 0;
			knownRegions = (
				en,
				Base,
			);
			mainGroup = FFDE05B81F5EA0BC00259266;
			productRefGroup = FFDE05C21F5EA0BD00259266 /* Products */;
			projectDirPath = "";
			projectRoot = "";
			targets = (
				FFDE05C01F5EA0BD00259266 /* traning2-1-7 */,
				FFDE05D91F5EA0BE00259266 /* traning2-1-7Tests */,
				FFDE05E41F5EA0BF00259266 /* traning2-1-7UITests */,
			);
		};
/* End PBXProject section */

/* Begin PBXResourcesBuildPhase section */
		FFDE05BF1F5EA0BD00259266 /* Resources */ = {
			isa = PBXResourcesBuildPhase;
			buildActionMask = 2147483647;
			files = (
				FFDE05D41F5EA0BE00259266 /* LaunchScreen.storyboard in Resources */,
				FFDE05D11F5EA0BD00259266 /* Assets.xcassets in Resources */,
				FFDE05CF1F5EA0BD00259266 /* Main.storyboard in Resources */,
			);
			runOnlyForDeploymentPostprocessing = 0;
		};
		FFDE05D81F5EA0BE00259266 /* Resources */ = {
			isa = PBXResourcesBuildPhase;
			buildActionMask = 2147483647;
			files = (
			);
			runOnlyForDeploymentPostprocessing = 0;
		};
		FFDE05E31F5EA0BF00259266 /* Resources */ = {
			isa = PBXResourcesBuildPhase;
			buildActionMask = 2147483647;
			files = (
			);
			runOnlyForDeploymentPostprocessing = 0;
		};
/* End PBXResourcesBuildPhase section */

/* Begin PBXSourcesBuildPhase section */
		FFDE05BD1F5EA0BD00259266 /* Sources */ = {
			isa = PBXSourcesBuildPhase;
			buildActionMask = 2147483647;
			files = (
				FFDE05CC1F5EA0BD00259266 /* ViewController.m in Sources */,
				FFDE05C91F5EA0BD00259266 /* AppDelegate.m in Sources */,
				FFDE05C61F5EA0BD00259266 /* main.m in Sources */,
			);
			runOnlyForDeploymentPostprocessing = 0;
		};
		FFDE05D61F5EA0BE00259266 /* Sources */ = {
			isa = PBXSourcesBuildPhase;
			buildActionMask = 2147483647;
			files = (
				FFDE05DF1F5EA0BE00259266 /* traning2_1_7Tests.m in Sources */,
			);
			runOnlyForDeploymentPostprocessing = 0;
		};
		FFDE05E11F5EA0BF00259266 /* Sources */ = {
			isa = PBXSourcesBuildPhase;
			buildActionMask = 2147483647;
			files = (
				FFDE05EA1F5EA0BF00259266 /* traning2_1_7UITests.m in Sources */,
			);
			runOnlyForDeploymentPostprocessing = 0;
		};
/* End PBXSourcesBuildPhase section */

/* Begin PBXTargetDependency section */
		FFDE05DC1F5EA0BE00259266 /* PBXTargetDependency */ = {
			isa = PBXTargetDependency;
			target = FFDE05C01F5EA0BD00259266 /* traning2-1-7 */;
			targetProxy = FFDE05DB1F5EA0BE00259266 /* PBXContainerItemProxy */;
		};
		FFDE05E71F5EA0BF00259266 /* PBXTargetDependency */ = {
			isa = PBXTargetDependency;
			target = FFDE05C01F5EA0BD00259266 /* traning2-1-7 */;
			targetProxy = FFDE05E61F5EA0BF00259266 /* PBXContainerItemProxy */;
		};
/* End PBXTargetDependency section */

/* Begin PBXVariantGroup section */
		FFDE05CD1F5EA0BD00259266 /* Main.storyboard */ = {
			isa = PBXVariantGroup;
			children = (
				FFDE05CE1F5EA0BD00259266 /* Base */,
			);
			name = Main.storyboard;
			sourceTree = "<group>";
		};
		FFDE05D21F5EA0BE00259266 /* LaunchScreen.storyboard */ = {
			isa = PBXVariantGroup;
			children = (
				FFDE05D31F5EA0BE00259266 /* Base */,
			);
			name = LaunchScreen.storyboard;
			sourceTree = "<group>";
		};
/* End PBXVariantGroup section */

/* Begin XCBuildConfiguration section */
		FFDE05EC1F5EA0BF00259266 /* Debug */ = {
			isa = XCBuildConfiguration;
			buildSettings = {
				ALWAYS_SEARCH_USER_PATHS = NO;
				CLANG_ANALYZER_NONNULL = YES;
				CLANG_ANALYZER_NUMBER_OBJECT_CONVERSION = YES_AGGRESSIVE;
				CLANG_CXX_LANGUAGE_STANDARD = "gnu++0x";
				CLANG_CXX_LIBRARY = "libc++";
				CLANG_ENABLE_MODULES = YES;
				CLANG_ENABLE_OBJC_ARC = YES;
				CLANG_WARN_BOOL_CONVERSION = YES;
				CLANG_WARN_CONSTANT_CONVERSION = YES;
				CLANG_WARN_DIRECT_OBJC_ISA_USAGE = YES_ERROR;
				CLANG_WARN_DOCUMENTATION_COMMENTS = YES;
				CLANG_WARN_EMPTY_BODY = YES;
				CLANG_WARN_ENUM_CONVERSION = YES;
				CLANG_WARN_INFINITE_RECURSION = YES;
				CLANG_WARN_INT_CONVERSION = YES;
				CLANG_WARN_OBJC_ROOT_CLASS = YES_ERROR;
				CLANG_WARN_SUSPICIOUS_MOVE = YES;
				CLANG_WARN_UNREACHABLE_CODE = YES;
				CLANG_WARN__DUPLICATE_METHOD_MATCH = YES;
				"CODE_SIGN_IDENTITY[sdk=iphoneos*]" = "iPhone Developer";
				COPY_PHASE_STRIP = NO;
				DEBUG_INFORMATION_FORMAT = dwarf;
				ENABLE_STRICT_OBJC_MSGSEND = YES;
				ENABLE_TESTABILITY = YES;
				GCC_C_LANGUAGE_STANDARD = gnu99;
				GCC_DYNAMIC_NO_PIC = NO;
				GCC_NO_COMMON_BLOCKS = YES;
				GCC_OPTIMIZATION_LEVEL = 0;
				GCC_PREPROCESSOR_DEFINITIONS = (
					"DEBUG=1",
					"$(inherited)",
				);
				GCC_WARN_64_TO_32_BIT_CONVERSION = YES;
				GCC_WARN_ABOUT_RETURN_TYPE = YES_ERROR;
				GCC_WARN_UNDECLARED_SELECTOR = YES;
				GCC_WARN_UNINITIALIZED_AUTOS = YES_AGGRESSIVE;
				GCC_WARN_UNUSED_FUNCTION = YES;
				GCC_WARN_UNUSED_VARIABLE = YES;
				IPHONEOS_DEPLOYMENT_TARGET = 10.3;
				MTL_ENABLE_DEBUG_INFO = YES;
				ONLY_ACTIVE_ARCH = YES;
				SDKROOT = iphoneos;
			};
			name = Debug;
		};
		FFDE05ED1F5EA0BF00259266 /* Release */ = {
			isa = XCBuildConfiguration;
			buildSettings = {
				ALWAYS_SEARCH_USER_PATHS = NO;
				CLANG_ANALYZER_NONNULL = YES;
				CLANG_ANALYZER_NUMBER_OBJECT_CONVERSION = YES_AGGRESSIVE;
				CLANG_CXX_LANGUAGE_STANDARD = "gnu++0x";
				CLANG_CXX_LIBRARY = "libc++";
				CLANG_ENABLE_MODULES = YES;
				CLANG_ENABLE_OBJC_ARC = YES;
				CLANG_WARN_BOOL_CONVERSION = YES;
				CLANG_WARN_CONSTANT_CONVERSION = YES;
				CLANG_WARN_DIRECT_OBJC_ISA_USAGE = YES_ERROR;
				CLANG_WARN_DOCUMENTATION_COMMENTS = YES;
				CLANG_WARN_EMPTY_BODY = YES;
				CLANG_WARN_ENUM_CONVERSION = YES;
				CLANG_WARN_INFINITE_RECURSION = YES;
				CLANG_WARN_INT_CONVERSION = YES;
				CLANG_WARN_OBJC_ROOT_CLASS = YES_ERROR;
				CLANG_WARN_SUSPICIOUS_MOVE = YES;
				CLANG_WARN_UNREACHABLE_CODE = YES;
				CLANG_WARN__DUPLICATE_METHOD_MATCH = YES;
				"CODE_SIGN_IDENTITY[sdk=iphoneos*]" = "iPhone Developer";
				COPY_PHASE_STRIP = NO;
				DEBUG_INFORMATION_FORMAT = "dwarf-with-dsym";
				ENABLE_NS_ASSERTIONS = NO;
				ENABLE_STRICT_OBJC_MSGSEND = YES;
				GCC_C_LANGUAGE_STANDARD = gnu99;
				GCC_NO_COMMON_BLOCKS = YES;
				GCC_WARN_64_TO_32_BIT_CONVERSION = YES;
				GCC_WARN_ABOUT_RETURN_TYPE = YES_ERROR;
				GCC_WARN_UNDECLARED_SELECTOR = YES;
				GCC_WARN_UNINITIALIZED_AUTOS = YES_AGGRESSIVE;
				GCC_WARN_UNUSED_FUNCTION = YES;
				GCC_WARN_UNUSED_VARIABLE = YES;
				IPHONEOS_DEPLOYMENT_TARGET = 10.3;
				MTL_ENABLE_DEBUG_INFO = NO;
				SDKROOT = iphoneos;
				VALIDATE_PRODUCT = YES;
			};
			name = Release;
		};
		FFDE05EF1F5EA0BF00259266 /* Debug */ = {
			isa = XCBuildConfiguration;
			buildSettings = {
				ASSETCATALOG_COMPILER_APPICON_NAME = AppIcon;
				INFOPLIST_FILE = "traning2-1-7/Info.plist";
				LD_RUNPATH_SEARCH_PATHS = "$(inherited) @executable_path/Frameworks";
				PRODUCT_BUNDLE_IDENTIFIER = "TsunakiMasuda.traning2-1-7";
				PRODUCT_NAME = "$(TARGET_NAME)";
			};
			name = Debug;
		};
		FFDE05F01F5EA0BF00259266 /* Release */ = {
			isa = XCBuildConfiguration;
			buildSettings = {
				ASSETCATALOG_COMPILER_APPICON_NAME = AppIcon;
				INFOPLIST_FILE = "traning2-1-7/Info.plist";
				LD_RUNPATH_SEARCH_PATHS = "$(inherited) @executable_path/Frameworks";
				PRODUCT_BUNDLE_IDENTIFIER = "TsunakiMasuda.traning2-1-7";
				PRODUCT_NAME = "$(TARGET_NAME)";
			};
			name = Release;
		};
		FFDE05F21F5EA0BF00259266 /* Debug */ = {
			isa = XCBuildConfiguration;
			buildSettings = {
				BUNDLE_LOADER = "$(TEST_HOST)";
				INFOPLIST_FILE = "traning2-1-7Tests/Info.plist";
				LD_RUNPATH_SEARCH_PATHS = "$(inherited) @executable_path/Frameworks @loader_path/Frameworks";
				PRODUCT_BUNDLE_IDENTIFIER = "TsunakiMasuda.traning2-1-7Tests";
				PRODUCT_NAME = "$(TARGET_NAME)";
				TEST_HOST = "$(BUILT_PRODUCTS_DIR)/traning2-1-7.app/traning2-1-7";
			};
			name = Debug;
		};
		FFDE05F31F5EA0BF00259266 /* Release */ = {
			isa = XCBuildConfiguration;
			buildSettings = {
				BUNDLE_LOADER = "$(TEST_HOST)";
				INFOPLIST_FILE = "traning2-1-7Tests/Info.plist";
				LD_RUNPATH_SEARCH_PATHS = "$(inherited) @executable_path/Frameworks @loader_path/Frameworks";
				PRODUCT_BUNDLE_IDENTIFIER = "TsunakiMasuda.traning2-1-7Tests";
				PRODUCT_NAME = "$(TARGET_NAME)";
				TEST_HOST = "$(BUILT_PRODUCTS_DIR)/traning2-1-7.app/traning2-1-7";
			};
			name = Release;
		};
		FFDE05F51F5EA0BF00259266 /* Debug */ = {
			isa = XCBuildConfiguration;
			buildSettings = {
				INFOPLIST_FILE = "traning2-1-7UITests/Info.plist";
				LD_RUNPATH_SEARCH_PATHS = "$(inherited) @executable_path/Frameworks @loader_path/Frameworks";
				PRODUCT_BUNDLE_IDENTIFIER = "TsunakiMasuda.traning2-1-7UITests";
				PRODUCT_NAME = "$(TARGET_NAME)";
				TEST_TARGET_NAME = "traning2-1-7";
			};
			name = Debug;
		};
		FFDE05F61F5EA0BF00259266 /* Release */ = {
			isa = XCBuildConfiguration;
			buildSettings = {
				INFOPLIST_FILE = "traning2-1-7UITests/Info.plist";
				LD_RUNPATH_SEARCH_PATHS = "$(inherited) @executable_path/Frameworks @loader_path/Frameworks";
				PRODUCT_BUNDLE_IDENTIFIER = "TsunakiMasuda.traning2-1-7UITests";
				PRODUCT_NAME = "$(TARGET_NAME)";
				TEST_TARGET_NAME = "traning2-1-7";
			};
			name = Release;
		};
/* End XCBuildConfiguration section */

/* Begin XCConfigurationList section */
		FFDE05BC1F5EA0BC00259266 /* Build configuration list for PBXProject "traning2-1-7" */ = {
			isa = XCConfigurationList;
			buildConfigurations = (
				FFDE05EC1F5EA0BF00259266 /* Debug */,
				FFDE05ED1F5EA0BF00259266 /* Release */,
			);
			defaultConfigurationIsVisible = 0;
			defaultConfigurationName = Release;
		};
		FFDE05EE1F5EA0BF00259266 /* Build configuration list for PBXNativeTarget "traning2-1-7" */ = {
			isa = XCConfigurationList;
			buildConfigurations = (
				FFDE05EF1F5EA0BF00259266 /* Debug */,
				FFDE05F01F5EA0BF00259266 /* Release */,
			);
			defaultConfigurationIsVisible = 0;
		};
		FFDE05F11F5EA0BF00259266 /* Build configuration list for PBXNativeTarget "traning2-1-7Tests" */ = {
			isa = XCConfigurationList;
			buildConfigurations = (
				FFDE05F21F5EA0BF00259266 /* Debug */,
				FFDE05F31F5EA0BF00259266 /* Release */,
			);
			defaultConfigurationIsVisible = 0;
		};
		FFDE05F41F5EA0BF00259266 /* Build configuration list for PBXNativeTarget "traning2-1-7UITests" */ = {
			isa = XCConfigurationList;
			buildConfigurations = (
				FFDE05F51F5EA0BF00259266 /* Debug */,
				FFDE05F61F5EA0BF00259266 /* Release */,
			);
			defaultConfigurationIsVisible = 0;
		};
/* End XCConfigurationList section */
	};
	rootObject = FFDE05B91F5EA0BC00259266 /* Project object */;
}
