// !$*UTF8*$!
{
	archiveVersion = 1;
	classes = {
	};
	objectVersion = 46;
	objects = {

/* Begin PBXBuildFile section */
		FF9181CD1F4EB98F00EBD685 /* main.m in Sources */ = {isa = PBXBuildFile; fileRef = FF9181CC1F4EB98F00EBD685 /* main.m */; };
		FF9181D01F4EB98F00EBD685 /* AppDelegate.m in Sources */ = {isa = PBXBuildFile; fileRef = FF9181CF1F4EB98F00EBD685 /* AppDelegate.m */; };
		FF9181D31F4EB99000EBD685 /* ViewController.m in Sources */ = {isa = PBXBuildFile; fileRef = FF9181D21F4EB99000EBD685 /* ViewController.m */; };
		FF9181D61F4EB99000EBD685 /* Main.storyboard in Resources */ = {isa = PBXBuildFile; fileRef = FF9181D41F4EB99000EBD685 /* Main.storyboard */; };
		FF9181D81F4EB99000EBD685 /* Assets.xcassets in Resources */ = {isa = PBXBuildFile; fileRef = FF9181D71F4EB99000EBD685 /* Assets.xcassets */; };
		FF9181DB1F4EB99000EBD685 /* LaunchScreen.storyboard in Resources */ = {isa = PBXBuildFile; fileRef = FF9181D91F4EB99000EBD685 /* LaunchScreen.storyboard */; };
		FF9181E61F4EB99000EBD685 /* traning2_1_4Tests.m in Sources */ = {isa = PBXBuildFile; fileRef = FF9181E51F4EB99000EBD685 /* traning2_1_4Tests.m */; };
		FF9181F11F4EB99000EBD685 /* traning2_1_4UITests.m in Sources */ = {isa = PBXBuildFile; fileRef = FF9181F01F4EB99000EBD685 /* traning2_1_4UITests.m */; };
/* End PBXBuildFile section */

/* Begin PBXContainerItemProxy section */
		FF9181E21F4EB99000EBD685 /* PBXContainerItemProxy */ = {
			isa = PBXContainerItemProxy;
			containerPortal = FF9181C01F4EB98F00EBD685 /* Project object */;
			proxyType = 1;
			remoteGlobalIDString = FF9181C71F4EB98F00EBD685;
			remoteInfo = "traning2-1-4";
		};
		FF9181ED1F4EB99000EBD685 /* PBXContainerItemProxy */ = {
			isa = PBXContainerItemProxy;
			containerPortal = FF9181C01F4EB98F00EBD685 /* Project object */;
			proxyType = 1;
			remoteGlobalIDString = FF9181C71F4EB98F00EBD685;
			remoteInfo = "traning2-1-4";
		};
/* End PBXContainerItemProxy section */

/* Begin PBXFileReference section */
		FF9181C81F4EB98F00EBD685 /* traning2-1-4.app */ = {isa = PBXFileReference; explicitFileType = wrapper.application; includeInIndex = 0; path = "traning2-1-4.app"; sourceTree = BUILT_PRODUCTS_DIR; };
		FF9181CC1F4EB98F00EBD685 /* main.m */ = {isa = PBXFileReference; lastKnownFileType = sourcecode.c.objc; path = main.m; sourceTree = "<group>"; };
		FF9181CE1F4EB98F00EBD685 /* AppDelegate.h */ = {isa = PBXFileReference; lastKnownFileType = sourcecode.c.h; path = AppDelegate.h; sourceTree = "<group>"; };
		FF9181CF1F4EB98F00EBD685 /* AppDelegate.m */ = {isa = PBXFileReference; lastKnownFileType = sourcecode.c.objc; path = AppDelegate.m; sourceTree = "<group>"; };
		FF9181D11F4EB99000EBD685 /* ViewController.h */ = {isa = PBXFileReference; lastKnownFileType = sourcecode.c.h; path = ViewController.h; sourceTree = "<group>"; };
		FF9181D21F4EB99000EBD685 /* ViewController.m */ = {isa = PBXFileReference; lastKnownFileType = sourcecode.c.objc; path = ViewController.m; sourceTree = "<group>"; };
		FF9181D51F4EB99000EBD685 /* Base */ = {isa = PBXFileReference; lastKnownFileType = file.storyboard; name = Base; path = Base.lproj/Main.storyboard; sourceTree = "<group>"; };
		FF9181D71F4EB99000EBD685 /* Assets.xcassets */ = {isa = PBXFileReference; lastKnownFileType = folder.assetcatalog; path = Assets.xcassets; sourceTree = "<group>"; };
		FF9181DA1F4EB99000EBD685 /* Base */ = {isa = PBXFileReference; lastKnownFileType = file.storyboard; name = Base; path = Base.lproj/LaunchScreen.storyboard; sourceTree = "<group>"; };
		FF9181DC1F4EB99000EBD685 /* Info.plist */ = {isa = PBXFileReference; lastKnownFileType = text.plist.xml; path = Info.plist; sourceTree = "<group>"; };
		FF9181E11F4EB99000EBD685 /* traning2-1-4Tests.xctest */ = {isa = PBXFileReference; explicitFileType = wrapper.cfbundle; includeInIndex = 0; path = "traning2-1-4Tests.xctest"; sourceTree = BUILT_PRODUCTS_DIR; };
		FF9181E51F4EB99000EBD685 /* traning2_1_4Tests.m */ = {isa = PBXFileReference; lastKnownFileType = sourcecode.c.objc; path = traning2_1_4Tests.m; sourceTree = "<group>"; };
		FF9181E71F4EB99000EBD685 /* Info.plist */ = {isa = PBXFileReference; lastKnownFileType = text.plist.xml; path = Info.plist; sourceTree = "<group>"; };
		FF9181EC1F4EB99000EBD685 /* traning2-1-4UITests.xctest */ = {isa = PBXFileReference; explicitFileType = wrapper.cfbundle; includeInIndex = 0; path = "traning2-1-4UITests.xctest"; sourceTree = BUILT_PRODUCTS_DIR; };
		FF9181F01F4EB99000EBD685 /* traning2_1_4UITests.m */ = {isa = PBXFileReference; lastKnownFileType = sourcecode.c.objc; path = traning2_1_4UITests.m; sourceTree = "<group>"; };
		FF9181F21F4EB99000EBD685 /* Info.plist */ = {isa = PBXFileReference; lastKnownFileType = text.plist.xml; path = Info.plist; sourceTree = "<group>"; };
/* End PBXFileReference section */

/* Begin PBXFrameworksBuildPhase section */
		FF9181C51F4EB98F00EBD685 /* Frameworks */ = {
			isa = PBXFrameworksBuildPhase;
			buildActionMask = 2147483647;
			files = (
			);
			runOnlyForDeploymentPostprocessing = 0;
		};
		FF9181DE1F4EB99000EBD685 /* Frameworks */ = {
			isa = PBXFrameworksBuildPhase;
			buildActionMask = 2147483647;
			files = (
			);
			runOnlyForDeploymentPostprocessing = 0;
		};
		FF9181E91F4EB99000EBD685 /* Frameworks */ = {
			isa = PBXFrameworksBuildPhase;
			buildActionMask = 2147483647;
			files = (
			);
			runOnlyForDeploymentPostprocessing = 0;
		};
/* End PBXFrameworksBuildPhase section */

/* Begin PBXGroup section */
		FF9181BF1F4EB98F00EBD685 = {
			isa = PBXGroup;
			children = (
				FF9181CA1F4EB98F00EBD685 /* traning2-1-4 */,
				FF9181E41F4EB99000EBD685 /* traning2-1-4Tests */,
				FF9181EF1F4EB99000EBD685 /* traning2-1-4UITests */,
				FF9181C91F4EB98F00EBD685 /* Products */,
			);
			sourceTree = "<group>";
		};
		FF9181C91F4EB98F00EBD685 /* Products */ = {
			isa = PBXGroup;
			children = (
				FF9181C81F4EB98F00EBD685 /* traning2-1-4.app */,
				FF9181E11F4EB99000EBD685 /* traning2-1-4Tests.xctest */,
				FF9181EC1F4EB99000EBD685 /* traning2-1-4UITests.xctest */,
			);
			name = Products;
			sourceTree = "<group>";
		};
		FF9181CA1F4EB98F00EBD685 /* traning2-1-4 */ = {
			isa = PBXGroup;
			children = (
				FF9181CE1F4EB98F00EBD685 /* AppDelegate.h */,
				FF9181CF1F4EB98F00EBD685 /* AppDelegate.m */,
				FF9181D11F4EB99000EBD685 /* ViewController.h */,
				FF9181D21F4EB99000EBD685 /* ViewController.m */,
				FF9181D41F4EB99000EBD685 /* Main.storyboard */,
				FF9181D71F4EB99000EBD685 /* Assets.xcassets */,
				FF9181D91F4EB99000EBD685 /* LaunchScreen.storyboard */,
				FF9181DC1F4EB99000EBD685 /* Info.plist */,
				FF9181CB1F4EB98F00EBD685 /* Supporting Files */,
			);
			path = "traning2-1-4";
			sourceTree = "<group>";
		};
		FF9181CB1F4EB98F00EBD685 /* Supporting Files */ = {
			isa = PBXGroup;
			children = (
				FF9181CC1F4EB98F00EBD685 /* main.m */,
			);
			name = "Supporting Files";
			sourceTree = "<group>";
		};
		FF9181E41F4EB99000EBD685 /* traning2-1-4Tests */ = {
			isa = PBXGroup;
			children = (
				FF9181E51F4EB99000EBD685 /* traning2_1_4Tests.m */,
				FF9181E71F4EB99000EBD685 /* Info.plist */,
			);
			path = "traning2-1-4Tests";
			sourceTree = "<group>";
		};
		FF9181EF1F4EB99000EBD685 /* traning2-1-4UITests */ = {
			isa = PBXGroup;
			children = (
				FF9181F01F4EB99000EBD685 /* traning2_1_4UITests.m */,
				FF9181F21F4EB99000EBD685 /* Info.plist */,
			);
			path = "traning2-1-4UITests";
			sourceTree = "<group>";
		};
/* End PBXGroup section */

/* Begin PBXNativeTarget section */
		FF9181C71F4EB98F00EBD685 /* traning2-1-4 */ = {
			isa = PBXNativeTarget;
			buildConfigurationList = FF9181F51F4EB99000EBD685 /* Build configuration list for PBXNativeTarget "traning2-1-4" */;
			buildPhases = (
				FF9181C41F4EB98F00EBD685 /* Sources */,
				FF9181C51F4EB98F00EBD685 /* Frameworks */,
				FF9181C61F4EB98F00EBD685 /* Resources */,
			);
			buildRules = (
			);
			dependencies = (
			);
			name = "traning2-1-4";
			productName = "traning2-1-4";
			productReference = FF9181C81F4EB98F00EBD685 /* traning2-1-4.app */;
			productType = "com.apple.product-type.application";
		};
		FF9181E01F4EB99000EBD685 /* traning2-1-4Tests */ = {
			isa = PBXNativeTarget;
			buildConfigurationList = FF9181F81F4EB99000EBD685 /* Build configuration list for PBXNativeTarget "traning2-1-4Tests" */;
			buildPhases = (
				FF9181DD1F4EB99000EBD685 /* Sources */,
				FF9181DE1F4EB99000EBD685 /* Frameworks */,
				FF9181DF1F4EB99000EBD685 /* Resources */,
			);
			buildRules = (
			);
			dependencies = (
				FF9181E31F4EB99000EBD685 /* PBXTargetDependency */,
			);
			name = "traning2-1-4Tests";
			productName = "traning2-1-4Tests";
			productReference = FF9181E11F4EB99000EBD685 /* traning2-1-4Tests.xctest */;
			productType = "com.apple.product-type.bundle.unit-test";
		};
		FF9181EB1F4EB99000EBD685 /* traning2-1-4UITests */ = {
			isa = PBXNativeTarget;
			buildConfigurationList = FF9181FB1F4EB99000EBD685 /* Build configuration list for PBXNativeTarget "traning2-1-4UITests" */;
			buildPhases = (
				FF9181E81F4EB99000EBD685 /* Sources */,
				FF9181E91F4EB99000EBD685 /* Frameworks */,
				FF9181EA1F4EB99000EBD685 /* Resources */,
			);
			buildRules = (
			);
			dependencies = (
				FF9181EE1F4EB99000EBD685 /* PBXTargetDependency */,
			);
			name = "traning2-1-4UITests";
			productName = "traning2-1-4UITests";
			productReference = FF9181EC1F4EB99000EBD685 /* traning2-1-4UITests.xctest */;
			productType = "com.apple.product-type.bundle.ui-testing";
		};
/* End PBXNativeTarget section */

/* Begin PBXProject section */
		FF9181C01F4EB98F00EBD685 /* Project object */ = {
			isa = PBXProject;
			attributes = {
				LastUpgradeCheck = 0830;
				ORGANIZATIONNAME = "MAC管理者 STV";
				TargetAttributes = {
					FF9181C71F4EB98F00EBD685 = {
						CreatedOnToolsVersion = 8.3.3;
						ProvisioningStyle = Automatic;
					};
					FF9181E01F4EB99000EBD685 = {
						CreatedOnToolsVersion = 8.3.3;
						ProvisioningStyle = Automatic;
						TestTargetID = FF9181C71F4EB98F00EBD685;
					};
					FF9181EB1F4EB99000EBD685 = {
						CreatedOnToolsVersion = 8.3.3;
						ProvisioningStyle = Automatic;
						TestTargetID = FF9181C71F4EB98F00EBD685;
					};
				};
			};
			buildConfigurationList = FF9181C31F4EB98F00EBD685 /* Build configuration list for PBXProject "traning2-1-4" */;
			compatibilityVersion = "Xcode 3.2";
			developmentRegion = English;
			hasScannedForEncodings = 0;
			knownRegions = (
				en,
				Base,
			);
			mainGroup = FF9181BF1F4EB98F00EBD685;
			productRefGroup = FF9181C91F4EB98F00EBD685 /* Products */;
			projectDirPath = "";
			projectRoot = "";
			targets = (
				FF9181C71F4EB98F00EBD685 /* traning2-1-4 */,
				FF9181E01F4EB99000EBD685 /* traning2-1-4Tests */,
				FF9181EB1F4EB99000EBD685 /* traning2-1-4UITests */,
			);
		};
/* End PBXProject section */

/* Begin PBXResourcesBuildPhase section */
		FF9181C61F4EB98F00EBD685 /* Resources */ = {
			isa = PBXResourcesBuildPhase;
			buildActionMask = 2147483647;
			files = (
				FF9181DB1F4EB99000EBD685 /* LaunchScreen.storyboard in Resources */,
				FF9181D81F4EB99000EBD685 /* Assets.xcassets in Resources */,
				FF9181D61F4EB99000EBD685 /* Main.storyboard in Resources */,
			);
			runOnlyForDeploymentPostprocessing = 0;
		};
		FF9181DF1F4EB99000EBD685 /* Resources */ = {
			isa = PBXResourcesBuildPhase;
			buildActionMask = 2147483647;
			files = (
			);
			runOnlyForDeploymentPostprocessing = 0;
		};
		FF9181EA1F4EB99000EBD685 /* Resources */ = {
			isa = PBXResourcesBuildPhase;
			buildActionMask = 2147483647;
			files = (
			);
			runOnlyForDeploymentPostprocessing = 0;
		};
/* End PBXResourcesBuildPhase section */

/* Begin PBXSourcesBuildPhase section */
		FF9181C41F4EB98F00EBD685 /* Sources */ = {
			isa = PBXSourcesBuildPhase;
			buildActionMask = 2147483647;
			files = (
				FF9181D31F4EB99000EBD685 /* ViewController.m in Sources */,
				FF9181D01F4EB98F00EBD685 /* AppDelegate.m in Sources */,
				FF9181CD1F4EB98F00EBD685 /* main.m in Sources */,
			);
			runOnlyForDeploymentPostprocessing = 0;
		};
		FF9181DD1F4EB99000EBD685 /* Sources */ = {
			isa = PBXSourcesBuildPhase;
			buildActionMask = 2147483647;
			files = (
				FF9181E61F4EB99000EBD685 /* traning2_1_4Tests.m in Sources */,
			);
			runOnlyForDeploymentPostprocessing = 0;
		};
		FF9181E81F4EB99000EBD685 /* Sources */ = {
			isa = PBXSourcesBuildPhase;
			buildActionMask = 2147483647;
			files = (
				FF9181F11F4EB99000EBD685 /* traning2_1_4UITests.m in Sources */,
			);
			runOnlyForDeploymentPostprocessing = 0;
		};
/* End PBXSourcesBuildPhase section */

/* Begin PBXTargetDependency section */
		FF9181E31F4EB99000EBD685 /* PBXTargetDependency */ = {
			isa = PBXTargetDependency;
			target = FF9181C71F4EB98F00EBD685 /* traning2-1-4 */;
			targetProxy = FF9181E21F4EB99000EBD685 /* PBXContainerItemProxy */;
		};
		FF9181EE1F4EB99000EBD685 /* PBXTargetDependency */ = {
			isa = PBXTargetDependency;
			target = FF9181C71F4EB98F00EBD685 /* traning2-1-4 */;
			targetProxy = FF9181ED1F4EB99000EBD685 /* PBXContainerItemProxy */;
		};
/* End PBXTargetDependency section */

/* Begin PBXVariantGroup section */
		FF9181D41F4EB99000EBD685 /* Main.storyboard */ = {
			isa = PBXVariantGroup;
			children = (
				FF9181D51F4EB99000EBD685 /* Base */,
			);
			name = Main.storyboard;
			sourceTree = "<group>";
		};
		FF9181D91F4EB99000EBD685 /* LaunchScreen.storyboard */ = {
			isa = PBXVariantGroup;
			children = (
				FF9181DA1F4EB99000EBD685 /* Base */,
			);
			name = LaunchScreen.storyboard;
			sourceTree = "<group>";
		};
/* End PBXVariantGroup section */

/* Begin XCBuildConfiguration section */
		FF9181F31F4EB99000EBD685 /* Debug */ = {
			isa = XCBuildConfiguration;
			buildSettings = {
				ALWAYS_SEARCH_USER_PATHS = NO;
				CLANG_ANALYZER_NONNULL = YES;
				CLANG_ANALYZER_NUMBER_OBJECT_CONVERSION = YES_AGGRESSIVE;
				CLANG_CXX_LANGUAGE_STANDARD = "gnu++0x";
				CLANG_CXX_LIBRARY = "libc++";
				CLANG_ENABLE_MODULES = YES;
				CLANG_ENABLE_OBJC_ARC = YES;
				CLANG_WARN_BOOL_CONVERSION = YES;
				CLANG_WARN_CONSTANT_CONVERSION = YES;
				CLANG_WARN_DIRECT_OBJC_ISA_USAGE = YES_ERROR;
				CLANG_WARN_DOCUMENTATION_COMMENTS = YES;
				CLANG_WARN_EMPTY_BODY = YES;
				CLANG_WARN_ENUM_CONVERSION = YES;
				CLANG_WARN_INFINITE_RECURSION = YES;
				CLANG_WARN_INT_CONVERSION = YES;
				CLANG_WARN_OBJC_ROOT_CLASS = YES_ERROR;
				CLANG_WARN_SUSPICIOUS_MOVE = YES;
				CLANG_WARN_UNREACHABLE_CODE = YES;
				CLANG_WARN__DUPLICATE_METHOD_MATCH = YES;
				"CODE_SIGN_IDENTITY[sdk=iphoneos*]" = "iPhone Developer";
				COPY_PHASE_STRIP = NO;
				DEBUG_INFORMATION_FORMAT = dwarf;
				ENABLE_STRICT_OBJC_MSGSEND = YES;
				ENABLE_TESTABILITY = YES;
				GCC_C_LANGUAGE_STANDARD = gnu99;
				GCC_DYNAMIC_NO_PIC = NO;
				GCC_NO_COMMON_BLOCKS = YES;
				GCC_OPTIMIZATION_LEVEL = 0;
				GCC_PREPROCESSOR_DEFINITIONS = (
					"DEBUG=1",
					"$(inherited)",
				);
				GCC_WARN_64_TO_32_BIT_CONVERSION = YES;
				GCC_WARN_ABOUT_RETURN_TYPE = YES_ERROR;
				GCC_WARN_UNDECLARED_SELECTOR = YES;
				GCC_WARN_UNINITIALIZED_AUTOS = YES_AGGRESSIVE;
				GCC_WARN_UNUSED_FUNCTION = YES;
				GCC_WARN_UNUSED_VARIABLE = YES;
				IPHONEOS_DEPLOYMENT_TARGET = 10.3;
				MTL_ENABLE_DEBUG_INFO = YES;
				ONLY_ACTIVE_ARCH = YES;
				SDKROOT = iphoneos;
			};
			name = Debug;
		};
		FF9181F41F4EB99000EBD685 /* Release */ = {
			isa = XCBuildConfiguration;
			buildSettings = {
				ALWAYS_SEARCH_USER_PATHS = NO;
				CLANG_ANALYZER_NONNULL = YES;
				CLANG_ANALYZER_NUMBER_OBJECT_CONVERSION = YES_AGGRESSIVE;
				CLANG_CXX_LANGUAGE_STANDARD = "gnu++0x";
				CLANG_CXX_LIBRARY = "libc++";
				CLANG_ENABLE_MODULES = YES;
				CLANG_ENABLE_OBJC_ARC = YES;
				CLANG_WARN_BOOL_CONVERSION = YES;
				CLANG_WARN_CONSTANT_CONVERSION = YES;
				CLANG_WARN_DIRECT_OBJC_ISA_USAGE = YES_ERROR;
				CLANG_WARN_DOCUMENTATION_COMMENTS = YES;
				CLANG_WARN_EMPTY_BODY = YES;
				CLANG_WARN_ENUM_CONVERSION = YES;
				CLANG_WARN_INFINITE_RECURSION = YES;
				CLANG_WARN_INT_CONVERSION = YES;
				CLANG_WARN_OBJC_ROOT_CLASS = YES_ERROR;
				CLANG_WARN_SUSPICIOUS_MOVE = YES;
				CLANG_WARN_UNREACHABLE_CODE = YES;
				CLANG_WARN__DUPLICATE_METHOD_MATCH = YES;
				"CODE_SIGN_IDENTITY[sdk=iphoneos*]" = "iPhone Developer";
				COPY_PHASE_STRIP = NO;
				DEBUG_INFORMATION_FORMAT = "dwarf-with-dsym";
				ENABLE_NS_ASSERTIONS = NO;
				ENABLE_STRICT_OBJC_MSGSEND = YES;
				GCC_C_LANGUAGE_STANDARD = gnu99;
				GCC_NO_COMMON_BLOCKS = YES;
				GCC_WARN_64_TO_32_BIT_CONVERSION = YES;
				GCC_WARN_ABOUT_RETURN_TYPE = YES_ERROR;
				GCC_WARN_UNDECLARED_SELECTOR = YES;
				GCC_WARN_UNINITIALIZED_AUTOS = YES_AGGRESSIVE;
				GCC_WARN_UNUSED_FUNCTION = YES;
				GCC_WARN_UNUSED_VARIABLE = YES;
				IPHONEOS_DEPLOYMENT_TARGET = 10.3;
				MTL_ENABLE_DEBUG_INFO = NO;
				SDKROOT = iphoneos;
				VALIDATE_PRODUCT = YES;
			};
			name = Release;
		};
		FF9181F61F4EB99000EBD685 /* Debug */ = {
			isa = XCBuildConfiguration;
			buildSettings = {
				ASSETCATALOG_COMPILER_APPICON_NAME = AppIcon;
				INFOPLIST_FILE = "traning2-1-4/Info.plist";
				LD_RUNPATH_SEARCH_PATHS = "$(inherited) @executable_path/Frameworks";
				PRODUCT_BUNDLE_IDENTIFIER = "TsunakiMasuda.traning2-1-4";
				PRODUCT_NAME = "$(TARGET_NAME)";
			};
			name = Debug;
		};
		FF9181F71F4EB99000EBD685 /* Release */ = {
			isa = XCBuildConfiguration;
			buildSettings = {
				ASSETCATALOG_COMPILER_APPICON_NAME = AppIcon;
				INFOPLIST_FILE = "traning2-1-4/Info.plist";
				LD_RUNPATH_SEARCH_PATHS = "$(inherited) @executable_path/Frameworks";
				PRODUCT_BUNDLE_IDENTIFIER = "TsunakiMasuda.traning2-1-4";
				PRODUCT_NAME = "$(TARGET_NAME)";
			};
			name = Release;
		};
		FF9181F91F4EB99000EBD685 /* Debug */ = {
			isa = XCBuildConfiguration;
			buildSettings = {
				BUNDLE_LOADER = "$(TEST_HOST)";
				INFOPLIST_FILE = "traning2-1-4Tests/Info.plist";
				LD_RUNPATH_SEARCH_PATHS = "$(inherited) @executable_path/Frameworks @loader_path/Frameworks";
				PRODUCT_BUNDLE_IDENTIFIER = "TsunakiMasuda.traning2-1-4Tests";
				PRODUCT_NAME = "$(TARGET_NAME)";
				TEST_HOST = "$(BUILT_PRODUCTS_DIR)/traning2-1-4.app/traning2-1-4";
			};
			name = Debug;
		};
		FF9181FA1F4EB99000EBD685 /* Release */ = {
			isa = XCBuildConfiguration;
			buildSettings = {
				BUNDLE_LOADER = "$(TEST_HOST)";
				INFOPLIST_FILE = "traning2-1-4Tests/Info.plist";
				LD_RUNPATH_SEARCH_PATHS = "$(inherited) @executable_path/Frameworks @loader_path/Frameworks";
				PRODUCT_BUNDLE_IDENTIFIER = "TsunakiMasuda.traning2-1-4Tests";
				PRODUCT_NAME = "$(TARGET_NAME)";
				TEST_HOST = "$(BUILT_PRODUCTS_DIR)/traning2-1-4.app/traning2-1-4";
			};
			name = Release;
		};
		FF9181FC1F4EB99000EBD685 /* Debug */ = {
			isa = XCBuildConfiguration;
			buildSettings = {
				INFOPLIST_FILE = "traning2-1-4UITests/Info.plist";
				LD_RUNPATH_SEARCH_PATHS = "$(inherited) @executable_path/Frameworks @loader_path/Frameworks";
				PRODUCT_BUNDLE_IDENTIFIER = "TsunakiMasuda.traning2-1-4UITests";
				PRODUCT_NAME = "$(TARGET_NAME)";
				TEST_TARGET_NAME = "traning2-1-4";
			};
			name = Debug;
		};
		FF9181FD1F4EB99000EBD685 /* Release */ = {
			isa = XCBuildConfiguration;
			buildSettings = {
				INFOPLIST_FILE = "traning2-1-4UITests/Info.plist";
				LD_RUNPATH_SEARCH_PATHS = "$(inherited) @executable_path/Frameworks @loader_path/Frameworks";
				PRODUCT_BUNDLE_IDENTIFIER = "TsunakiMasuda.traning2-1-4UITests";
				PRODUCT_NAME = "$(TARGET_NAME)";
				TEST_TARGET_NAME = "traning2-1-4";
			};
			name = Release;
		};
/* End XCBuildConfiguration section */

/* Begin XCConfigurationList section */
		FF9181C31F4EB98F00EBD685 /* Build configuration list for PBXProject "traning2-1-4" */ = {
			isa = XCConfigurationList;
			buildConfigurations = (
				FF9181F31F4EB99000EBD685 /* Debug */,
				FF9181F41F4EB99000EBD685 /* Release */,
			);
			defaultConfigurationIsVisible = 0;
			defaultConfigurationName = Release;
		};
		FF9181F51F4EB99000EBD685 /* Build configuration list for PBXNativeTarget "traning2-1-4" */ = {
			isa = XCConfigurationList;
			buildConfigurations = (
				FF9181F61F4EB99000EBD685 /* Debug */,
				FF9181F71F4EB99000EBD685 /* Release */,
			);
			defaultConfigurationIsVisible = 0;
		};
		FF9181F81F4EB99000EBD685 /* Build configuration list for PBXNativeTarget "traning2-1-4Tests" */ = {
			isa = XCConfigurationList;
			buildConfigurations = (
				FF9181F91F4EB99000EBD685 /* Debug */,
				FF9181FA1F4EB99000EBD685 /* Release */,
			);
			defaultConfigurationIsVisible = 0;
		};
		FF9181FB1F4EB99000EBD685 /* Build configuration list for PBXNativeTarget "traning2-1-4UITests" */ = {
			isa = XCConfigurationList;
			buildConfigurations = (
				FF9181FC1F4EB99000EBD685 /* Debug */,
				FF9181FD1F4EB99000EBD685 /* Release */,
			);
			defaultConfigurationIsVisible = 0;
		};
/* End XCConfigurationList section */
	};
	rootObject = FF9181C01F4EB98F00EBD685 /* Project object */;
}
